Microsoft Visual Studio Solution File, Format Version 10.00
# Visual Studio 2008
Project("{8BC9CEB8-8B4A-11D0-8D11-00A0C91BC942}") = "ALL_BUILD", "ALL_BUILD.vcproj", "{F4BDBBFC-AF43-43E6-808D-675BA328833B}"
	ProjectSection(ProjectDependencies) = postProject
		{83A58298-C4DA-4827-BF2C-4CFA773F9DDB} = {83A58298-C4DA-4827-BF2C-4CFA773F9DDB}
		{DD119A8D-2F41-4944-B29F-D1CBDBBAC3C2} = {DD119A8D-2F41-4944-B29F-D1CBDBBAC3C2}
		{1EB79F88-884E-453E-B5C1-638F8A0E6C89} = {1EB79F88-884E-453E-B5C1-638F8A0E6C89}
		{D36FD660-C655-4B94-B986-012704BEEB11} = {D36FD660-C655-4B94-B986-012704BEEB11}
		{ACB44224-464D-4256-A76F-6271E38CD517} = {ACB44224-464D-4256-A76F-6271E38CD517}
		{3BB6D889-2099-43AE-B5F2-8C2092F88B8A} = {3BB6D889-2099-43AE-B5F2-8C2092F88B8A}
		{948AF1A4-99E5-406C-AB18-C83B09631894} = {948AF1A4-99E5-406C-AB18-C83B09631894}
		{4CC0B7EC-DEEF-471C-9F81-3F0B0A7890F5} = {4CC0B7EC-DEEF-471C-9F81-3F0B0A7890F5}
		{1E493C75-3887-442D-A6F5-AF8F043EF4C1} = {1E493C75-3887-442D-A6F5-AF8F043EF4C1}
		{3013F18B-4E58-41F1-948F-3CB72EAF630E} = {3013F18B-4E58-41F1-948F-3CB72EAF630E}
	EndProjectSection
EndProject
Project("{8BC9CEB8-8B4A-11D0-8D11-00A0C91BC942}") = "AnalyseTool", "AnalyseTool.vcproj", "{83A58298-C4DA-4827-BF2C-4CFA773F9DDB}"
	ProjectSection(ProjectDependencies) = postProject
		{3013F18B-4E58-41F1-948F-3CB72EAF630E} = {3013F18B-4E58-41F1-948F-3CB72EAF630E}
	EndProjectSection
EndProject
Project("{8BC9CEB8-8B4A-11D0-8D11-00A0C91BC942}") = "AtlasTool", "AtlasTool.vcproj", "{DD119A8D-2F41-4944-B29F-D1CBDBBAC3C2}"
	ProjectSection(ProjectDependencies) = postProject
		{3013F18B-4E58-41F1-948F-3CB72EAF630E} = {3013F18B-4E58-41F1-948F-3CB72EAF630E}
	EndProjectSection
EndProject
Project("{8BC9CEB8-8B4A-11D0-8D11-00A0C91BC942}") = "CoregTool", "CoregTool.vcproj", "{1EB79F88-884E-453E-B5C1-638F8A0E6C89}"
	ProjectSection(ProjectDependencies) = postProject
		{3013F18B-4E58-41F1-948F-3CB72EAF630E} = {3013F18B-4E58-41F1-948F-3CB72EAF630E}
	EndProjectSection
EndProject
Project("{8BC9CEB8-8B4A-11D0-8D11-00A0C91BC942}") = "DeformableTool", "DeformableTool.vcproj", "{D36FD660-C655-4B94-B986-012704BEEB11}"
	ProjectSection(ProjectDependencies) = postProject
		{3013F18B-4E58-41F1-948F-3CB72EAF630E} = {3013F18B-4E58-41F1-948F-3CB72EAF630E}
	EndProjectSection
EndProject
Project("{8BC9CEB8-8B4A-11D0-8D11-00A0C91BC942}") = "PostTool", "PostTool.vcproj", "{ACB44224-464D-4256-A76F-6271E38CD517}"
	ProjectSection(ProjectDependencies) = postProject
		{3013F18B-4E58-41F1-948F-3CB72EAF630E} = {3013F18B-4E58-41F1-948F-3CB72EAF630E}
	EndProjectSection
EndProject
Project("{8BC9CEB8-8B4A-11D0-8D11-00A0C91BC942}") = "PreTool", "PreTool.vcproj", "{3BB6D889-2099-43AE-B5F2-8C2092F88B8A}"
	ProjectSection(ProjectDependencies) = postProject
		{3013F18B-4E58-41F1-948F-3CB72EAF630E} = {3013F18B-4E58-41F1-948F-3CB72EAF630E}
	EndProjectSection
EndProject
Project("{8BC9CEB8-8B4A-11D0-8D11-00A0C91BC942}") = "SubtractionTool", "SubtractionTool.vcproj", "{948AF1A4-99E5-406C-AB18-C83B09631894}"
	ProjectSection(ProjectDependencies) = postProject
		{3013F18B-4E58-41F1-948F-3CB72EAF630E} = {3013F18B-4E58-41F1-948F-3CB72EAF630E}
	EndProjectSection
EndProject
Project("{8BC9CEB8-8B4A-11D0-8D11-00A0C91BC942}") = "Test", "Test.vcproj", "{4CC0B7EC-DEEF-471C-9F81-3F0B0A7890F5}"
	ProjectSection(ProjectDependencies) = postProject
		{3013F18B-4E58-41F1-948F-3CB72EAF630E} = {3013F18B-4E58-41F1-948F-3CB72EAF630E}
	EndProjectSection
EndProject
Project("{8BC9CEB8-8B4A-11D0-8D11-00A0C91BC942}") = "TissueTool", "TissueTool.vcproj", "{1E493C75-3887-442D-A6F5-AF8F043EF4C1}"
	ProjectSection(ProjectDependencies) = postProject
		{3013F18B-4E58-41F1-948F-3CB72EAF630E} = {3013F18B-4E58-41F1-948F-3CB72EAF630E}
	EndProjectSection
EndProject
Project("{8BC9CEB8-8B4A-11D0-8D11-00A0C91BC942}") = "ZERO_CHECK", "ZERO_CHECK.vcproj", "{3013F18B-4E58-41F1-948F-3CB72EAF630E}"
	ProjectSection(ProjectDependencies) = postProject
	EndProjectSection
EndProject
Global
	GlobalSection(SolutionConfigurationPlatforms) = preSolution
		Debug|Win32 = Debug|Win32
		Release|Win32 = Release|Win32
		MinSizeRel|Win32 = MinSizeRel|Win32
		RelWithDebInfo|Win32 = RelWithDebInfo|Win32
	EndGlobalSection
	GlobalSection(ProjectConfigurationPlatforms) = postSolution
		{F4BDBBFC-AF43-43E6-808D-675BA328833B}.Debug|Win32.ActiveCfg = Debug|Win32
		{F4BDBBFC-AF43-43E6-808D-675BA328833B}.Release|Win32.ActiveCfg = Release|Win32
		{F4BDBBFC-AF43-43E6-808D-675BA328833B}.MinSizeRel|Win32.ActiveCfg = MinSizeRel|Win32
		{F4BDBBFC-AF43-43E6-808D-675BA328833B}.RelWithDebInfo|Win32.ActiveCfg = RelWithDebInfo|Win32
		{83A58298-C4DA-4827-BF2C-4CFA773F9DDB}.Debug|Win32.ActiveCfg = Debug|Win32
		{83A58298-C4DA-4827-BF2C-4CFA773F9DDB}.Debug|Win32.Build.0 = Debug|Win32
		{83A58298-C4DA-4827-BF2C-4CFA773F9DDB}.Release|Win32.ActiveCfg = Release|Win32
		{83A58298-C4DA-4827-BF2C-4CFA773F9DDB}.Release|Win32.Build.0 = Release|Win32
		{83A58298-C4DA-4827-BF2C-4CFA773F9DDB}.MinSizeRel|Win32.ActiveCfg = MinSizeRel|Win32
		{83A58298-C4DA-4827-BF2C-4CFA773F9DDB}.MinSizeRel|Win32.Build.0 = MinSizeRel|Win32
		{83A58298-C4DA-4827-BF2C-4CFA773F9DDB}.RelWithDebInfo|Win32.ActiveCfg = RelWithDebInfo|Win32
		{83A58298-C4DA-4827-BF2C-4CFA773F9DDB}.RelWithDebInfo|Win32.Build.0 = RelWithDebInfo|Win32
		{DD119A8D-2F41-4944-B29F-D1CBDBBAC3C2}.Debug|Win32.ActiveCfg = Debug|Win32
		{DD119A8D-2F41-4944-B29F-D1CBDBBAC3C2}.Debug|Win32.Build.0 = Debug|Win32
		{DD119A8D-2F41-4944-B29F-D1CBDBBAC3C2}.Release|Win32.ActiveCfg = Release|Win32
		{DD119A8D-2F41-4944-B29F-D1CBDBBAC3C2}.Release|Win32.Build.0 = Release|Win32
		{DD119A8D-2F41-4944-B29F-D1CBDBBAC3C2}.MinSizeRel|Win32.ActiveCfg = MinSizeRel|Win32
		{DD119A8D-2F41-4944-B29F-D1CBDBBAC3C2}.MinSizeRel|Win32.Build.0 = MinSizeRel|Win32
		{DD119A8D-2F41-4944-B29F-D1CBDBBAC3C2}.RelWithDebInfo|Win32.ActiveCfg = RelWithDebInfo|Win32
		{DD119A8D-2F41-4944-B29F-D1CBDBBAC3C2}.RelWithDebInfo|Win32.Build.0 = RelWithDebInfo|Win32
		{1EB79F88-884E-453E-B5C1-638F8A0E6C89}.Debug|Win32.ActiveCfg = Debug|Win32
		{1EB79F88-884E-453E-B5C1-638F8A0E6C89}.Debug|Win32.Build.0 = Debug|Win32
		{1EB79F88-884E-453E-B5C1-638F8A0E6C89}.Release|Win32.ActiveCfg = Release|Win32
		{1EB79F88-884E-453E-B5C1-638F8A0E6C89}.Release|Win32.Build.0 = Release|Win32
		{1EB79F88-884E-453E-B5C1-638F8A0E6C89}.MinSizeRel|Win32.ActiveCfg = MinSizeRel|Win32
		{1EB79F88-884E-453E-B5C1-638F8A0E6C89}.MinSizeRel|Win32.Build.0 = MinSizeRel|Win32
		{1EB79F88-884E-453E-B5C1-638F8A0E6C89}.RelWithDebInfo|Win32.ActiveCfg = RelWithDebInfo|Win32
		{1EB79F88-884E-453E-B5C1-638F8A0E6C89}.RelWithDebInfo|Win32.Build.0 = RelWithDebInfo|Win32
		{D36FD660-C655-4B94-B986-012704BEEB11}.Debug|Win32.ActiveCfg = Debug|Win32
		{D36FD660-C655-4B94-B986-012704BEEB11}.Debug|Win32.Build.0 = Debug|Win32
		{D36FD660-C655-4B94-B986-012704BEEB11}.Release|Win32.ActiveCfg = Release|Win32
		{D36FD660-C655-4B94-B986-012704BEEB11}.Release|Win32.Build.0 = Release|Win32
		{D36FD660-C655-4B94-B986-012704BEEB11}.MinSizeRel|Win32.ActiveCfg = MinSizeRel|Win32
		{D36FD660-C655-4B94-B986-012704BEEB11}.MinSizeRel|Win32.Build.0 = MinSizeRel|Win32
		{D36FD660-C655-4B94-B986-012704BEEB11}.RelWithDebInfo|Win32.ActiveCfg = RelWithDebInfo|Win32
		{D36FD660-C655-4B94-B986-012704BEEB11}.RelWithDebInfo|Win32.Build.0 = RelWithDebInfo|Win32
		{ACB44224-464D-4256-A76F-6271E38CD517}.Debug|Win32.ActiveCfg = Debug|Win32
		{ACB44224-464D-4256-A76F-6271E38CD517}.Debug|Win32.Build.0 = Debug|Win32
		{ACB44224-464D-4256-A76F-6271E38CD517}.Release|Win32.ActiveCfg = Release|Win32
		{ACB44224-464D-4256-A76F-6271E38CD517}.Release|Win32.Build.0 = Release|Win32
		{ACB44224-464D-4256-A76F-6271E38CD517}.MinSizeRel|Win32.ActiveCfg = MinSizeRel|Win32
		{ACB44224-464D-4256-A76F-6271E38CD517}.MinSizeRel|Win32.Build.0 = MinSizeRel|Win32
		{ACB44224-464D-4256-A76F-6271E38CD517}.RelWithDebInfo|Win32.ActiveCfg = RelWithDebInfo|Win32
		{ACB44224-464D-4256-A76F-6271E38CD517}.RelWithDebInfo|Win32.Build.0 = RelWithDebInfo|Win32
		{3BB6D889-2099-43AE-B5F2-8C2092F88B8A}.Debug|Win32.ActiveCfg = Debug|Win32
		{3BB6D889-2099-43AE-B5F2-8C2092F88B8A}.Debug|Win32.Build.0 = Debug|Win32
		{3BB6D889-2099-43AE-B5F2-8C2092F88B8A}.Release|Win32.ActiveCfg = Release|Win32
		{3BB6D889-2099-43AE-B5F2-8C2092F88B8A}.Release|Win32.Build.0 = Release|Win32
		{3BB6D889-2099-43AE-B5F2-8C2092F88B8A}.MinSizeRel|Win32.ActiveCfg = MinSizeRel|Win32
		{3BB6D889-2099-43AE-B5F2-8C2092F88B8A}.MinSizeRel|Win32.Build.0 = MinSizeRel|Win32
		{3BB6D889-2099-43AE-B5F2-8C2092F88B8A}.RelWithDebInfo|Win32.ActiveCfg = RelWithDebInfo|Win32
		{3BB6D889-2099-43AE-B5F2-8C2092F88B8A}.RelWithDebInfo|Win32.Build.0 = RelWithDebInfo|Win32
		{948AF1A4-99E5-406C-AB18-C83B09631894}.Debug|Win32.ActiveCfg = Debug|Win32
		{948AF1A4-99E5-406C-AB18-C83B09631894}.Debug|Win32.Build.0 = Debug|Win32
		{948AF1A4-99E5-406C-AB18-C83B09631894}.Release|Win32.ActiveCfg = Release|Win32
		{948AF1A4-99E5-406C-AB18-C83B09631894}.Release|Win32.Build.0 = Release|Win32
		{948AF1A4-99E5-406C-AB18-C83B09631894}.MinSizeRel|Win32.ActiveCfg = MinSizeRel|Win32
		{948AF1A4-99E5-406C-AB18-C83B09631894}.MinSizeRel|Win32.Build.0 = MinSizeRel|Win32
		{948AF1A4-99E5-406C-AB18-C83B09631894}.RelWithDebInfo|Win32.ActiveCfg = RelWithDebInfo|Win32
		{948AF1A4-99E5-406C-AB18-C83B09631894}.RelWithDebInfo|Win32.Build.0 = RelWithDebInfo|Win32
		{4CC0B7EC-DEEF-471C-9F81-3F0B0A7890F5}.Debug|Win32.ActiveCfg = Debug|Win32
		{4CC0B7EC-DEEF-471C-9F81-3F0B0A7890F5}.Debug|Win32.Build.0 = Debug|Win32
		{4CC0B7EC-DEEF-471C-9F81-3F0B0A7890F5}.Release|Win32.ActiveCfg = Release|Win32
		{4CC0B7EC-DEEF-471C-9F81-3F0B0A7890F5}.Release|Win32.Build.0 = Release|Win32
		{4CC0B7EC-DEEF-471C-9F81-3F0B0A7890F5}.MinSizeRel|Win32.ActiveCfg = MinSizeRel|Win32
		{4CC0B7EC-DEEF-471C-9F81-3F0B0A7890F5}.MinSizeRel|Win32.Build.0 = MinSizeRel|Win32
		{4CC0B7EC-DEEF-471C-9F81-3F0B0A7890F5}.RelWithDebInfo|Win32.ActiveCfg = RelWithDebInfo|Win32
		{4CC0B7EC-DEEF-471C-9F81-3F0B0A7890F5}.RelWithDebInfo|Win32.Build.0 = RelWithDebInfo|Win32
		{1E493C75-3887-442D-A6F5-AF8F043EF4C1}.Debug|Win32.ActiveCfg = Debug|Win32
		{1E493C75-3887-442D-A6F5-AF8F043EF4C1}.Debug|Win32.Build.0 = Debug|Win32
		{1E493C75-3887-442D-A6F5-AF8F043EF4C1}.Release|Win32.ActiveCfg = Release|Win32
		{1E493C75-3887-442D-A6F5-AF8F043EF4C1}.Release|Win32.Build.0 = Release|Win32
		{1E493C75-3887-442D-A6F5-AF8F043EF4C1}.MinSizeRel|Win32.ActiveCfg = MinSizeRel|Win32
		{1E493C75-3887-442D-A6F5-AF8F043EF4C1}.MinSizeRel|Win32.Build.0 = MinSizeRel|Win32
		{1E493C75-3887-442D-A6F5-AF8F043EF4C1}.RelWithDebInfo|Win32.ActiveCfg = RelWithDebInfo|Win32
		{1E493C75-3887-442D-A6F5-AF8F043EF4C1}.RelWithDebInfo|Win32.Build.0 = RelWithDebInfo|Win32
		{3013F18B-4E58-41F1-948F-3CB72EAF630E}.Debug|Win32.ActiveCfg = Debug|Win32
		{3013F18B-4E58-41F1-948F-3CB72EAF630E}.Debug|Win32.Build.0 = Debug|Win32
		{3013F18B-4E58-41F1-948F-3CB72EAF630E}.Release|Win32.ActiveCfg = Release|Win32
		{3013F18B-4E58-41F1-948F-3CB72EAF630E}.Release|Win32.Build.0 = Release|Win32
		{3013F18B-4E58-41F1-948F-3CB72EAF630E}.MinSizeRel|Win32.ActiveCfg = MinSizeRel|Win32
		{3013F18B-4E58-41F1-948F-3CB72EAF630E}.MinSizeRel|Win32.Build.0 = MinSizeRel|Win32
		{3013F18B-4E58-41F1-948F-3CB72EAF630E}.RelWithDebInfo|Win32.ActiveCfg = RelWithDebInfo|Win32
		{3013F18B-4E58-41F1-948F-3CB72EAF630E}.RelWithDebInfo|Win32.Build.0 = RelWithDebInfo|Win32
	EndGlobalSection
	GlobalSection(ExtensibilityGlobals) = postSolution
	EndGlobalSection
	GlobalSection(ExtensibilityAddIns) = postSolution
	EndGlobalSection
EndGlobal
