<?xml version="1.0" encoding="UTF-8" standalone="yes" ?>
<CodeBlocks_project_file>
   <FileVersion major="1" minor="6" />
   <Project>
      <Option title="BrainToolsCARM" />
      <Option makefile_is_custom="1" />
      <Option compiler="gcc" />
      <Option virtualFolders="CMake Files\;CMake Files\..\;CMake Files\..\..\;CMake Files\..\..\..\;CMake Files\..\..\..\usr\;CMake Files\..\..\..\usr\local\;CMake Files\..\..\..\usr\local\ITK3\;CMake Files\..\..\..\usr\local\ITK3\Build\;" />
      <Build>
      <Target title="all">
         <Option working_dir="/home/mariano/BrainToolsCARM/QtCreator" />
         <Option type="4" />
         <MakeCommands>
            <Build command="/usr/bin/make -f &quot;/home/mariano/BrainToolsCARM/QtCreator/Makefile&quot;  VERBOSE=1 all" />
            <CompileFile command="/usr/bin/make -f &quot;/home/mariano/BrainToolsCARM/QtCreator/Makefile&quot;  VERBOSE=1 &quot;$file&quot;" />
            <Clean command="/usr/bin/make -f &quot;/home/mariano/BrainToolsCARM/QtCreator/Makefile&quot;  VERBOSE=1 clean" />
            <DistClean command="/usr/bin/make -f &quot;/home/mariano/BrainToolsCARM/QtCreator/Makefile&quot;  VERBOSE=1 clean" />
         </MakeCommands>
      </Target>
      <Target title="edit_cache">
         <Option working_dir="/home/mariano/BrainToolsCARM/QtCreator" />
         <Option type="4" />
         <MakeCommands>
            <Build command="/usr/bin/make -f &quot;/home/mariano/BrainToolsCARM/QtCreator/Makefile&quot;  VERBOSE=1 edit_cache" />
            <CompileFile command="/usr/bin/make -f &quot;/home/mariano/BrainToolsCARM/QtCreator/Makefile&quot;  VERBOSE=1 &quot;$file&quot;" />
            <Clean command="/usr/bin/make -f &quot;/home/mariano/BrainToolsCARM/QtCreator/Makefile&quot;  VERBOSE=1 clean" />
            <DistClean command="/usr/bin/make -f &quot;/home/mariano/BrainToolsCARM/QtCreator/Makefile&quot;  VERBOSE=1 clean" />
         </MakeCommands>
      </Target>
      <Target title="rebuild_cache">
         <Option working_dir="/home/mariano/BrainToolsCARM/QtCreator" />
         <Option type="4" />
         <MakeCommands>
            <Build command="/usr/bin/make -f &quot;/home/mariano/BrainToolsCARM/QtCreator/Makefile&quot;  VERBOSE=1 rebuild_cache" />
            <CompileFile command="/usr/bin/make -f &quot;/home/mariano/BrainToolsCARM/QtCreator/Makefile&quot;  VERBOSE=1 &quot;$file&quot;" />
            <Clean command="/usr/bin/make -f &quot;/home/mariano/BrainToolsCARM/QtCreator/Makefile&quot;  VERBOSE=1 clean" />
            <DistClean command="/usr/bin/make -f &quot;/home/mariano/BrainToolsCARM/QtCreator/Makefile&quot;  VERBOSE=1 clean" />
         </MakeCommands>
      </Target>
      <Target title="PreTool">
         <Option output="/home/mariano/BrainToolsCARM/QtCreator/PreTool" prefix_auto="0" extension_auto="0" />
         <Option working_dir="" />
         <Option object_output="./" />
         <Option type="0" />
         <Option compiler="gcc" />
         <Compiler>
            <Add directory="/home/mariano/BrainToolsCARM" />
            <Add directory="/home/mariano/BrainToolsCARM/QtCreator" />
            <Add directory="/usr/include" />
            <Add directory="/usr/include/c++/4.8" />
            <Add directory="/usr/include/c++/4.8/backward" />
            <Add directory="/usr/include/x86_64-linux-gnu" />
            <Add directory="/usr/include/x86_64-linux-gnu/c++/4.8" />
            <Add directory="/usr/lib/gcc/x86_64-linux-gnu/4.8/include" />
            <Add directory="/usr/lib/gcc/x86_64-linux-gnu/4.8/include-fixed" />
            <Add directory="/usr/local/ITK3/Build" />
            <Add directory="/usr/local/ITK3/Build/Utilities" />
            <Add directory="/usr/local/ITK3/Build/Utilities/DICOMParser" />
            <Add directory="/usr/local/ITK3/Build/Utilities/NrrdIO" />
            <Add directory="/usr/local/ITK3/Build/Utilities/expat" />
            <Add directory="/usr/local/ITK3/Build/Utilities/gdcm" />
            <Add directory="/usr/local/ITK3/Build/Utilities/vxl/core" />
            <Add directory="/usr/local/ITK3/Build/Utilities/vxl/v3p/netlib" />
            <Add directory="/usr/local/ITK3/Build/Utilities/vxl/vcl" />
            <Add directory="/usr/local/ITK3/Source/Code/Algorithms" />
            <Add directory="/usr/local/ITK3/Source/Code/BasicFilters" />
            <Add directory="/usr/local/ITK3/Source/Code/Common" />
            <Add directory="/usr/local/ITK3/Source/Code/IO" />
            <Add directory="/usr/local/ITK3/Source/Code/Numerics" />
            <Add directory="/usr/local/ITK3/Source/Code/Numerics/FEM" />
            <Add directory="/usr/local/ITK3/Source/Code/Numerics/NeuralNetworks" />
            <Add directory="/usr/local/ITK3/Source/Code/Numerics/Statistics" />
            <Add directory="/usr/local/ITK3/Source/Code/Review" />
            <Add directory="/usr/local/ITK3/Source/Code/SpatialObject" />
            <Add directory="/usr/local/ITK3/Source/Utilities" />
            <Add directory="/usr/local/ITK3/Source/Utilities/DICOMParser" />
            <Add directory="/usr/local/ITK3/Source/Utilities/MetaIO" />
            <Add directory="/usr/local/ITK3/Source/Utilities/NrrdIO" />
            <Add directory="/usr/local/ITK3/Source/Utilities/expat" />
            <Add directory="/usr/local/ITK3/Source/Utilities/gdcm/src" />
            <Add directory="/usr/local/ITK3/Source/Utilities/itkExtHdrs" />
            <Add directory="/usr/local/ITK3/Source/Utilities/nifti/niftilib" />
            <Add directory="/usr/local/ITK3/Source/Utilities/nifti/znzlib" />
            <Add directory="/usr/local/ITK3/Source/Utilities/vxl/core" />
            <Add directory="/usr/local/ITK3/Source/Utilities/vxl/v3p/netlib" />
            <Add directory="/usr/local/ITK3/Source/Utilities/vxl/vcl" />
            <Add directory="/usr/local/include" />
         </Compiler>
         <MakeCommands>
            <Build command="/usr/bin/make -f &quot;/home/mariano/BrainToolsCARM/QtCreator/Makefile&quot;  VERBOSE=1 PreTool" />
            <CompileFile command="/usr/bin/make -f &quot;/home/mariano/BrainToolsCARM/QtCreator/Makefile&quot;  VERBOSE=1 &quot;$file&quot;" />
            <Clean command="/usr/bin/make -f &quot;/home/mariano/BrainToolsCARM/QtCreator/Makefile&quot;  VERBOSE=1 clean" />
            <DistClean command="/usr/bin/make -f &quot;/home/mariano/BrainToolsCARM/QtCreator/Makefile&quot;  VERBOSE=1 clean" />
         </MakeCommands>
      </Target>
      <Target title="PreTool/fast">
         <Option output="/home/mariano/BrainToolsCARM/QtCreator/PreTool" prefix_auto="0" extension_auto="0" />
         <Option working_dir="" />
         <Option object_output="./" />
         <Option type="0" />
         <Option compiler="gcc" />
         <Compiler>
            <Add directory="/home/mariano/BrainToolsCARM" />
            <Add directory="/home/mariano/BrainToolsCARM/QtCreator" />
            <Add directory="/usr/include" />
            <Add directory="/usr/include/c++/4.8" />
            <Add directory="/usr/include/c++/4.8/backward" />
            <Add directory="/usr/include/x86_64-linux-gnu" />
            <Add directory="/usr/include/x86_64-linux-gnu/c++/4.8" />
            <Add directory="/usr/lib/gcc/x86_64-linux-gnu/4.8/include" />
            <Add directory="/usr/lib/gcc/x86_64-linux-gnu/4.8/include-fixed" />
            <Add directory="/usr/local/ITK3/Build" />
            <Add directory="/usr/local/ITK3/Build/Utilities" />
            <Add directory="/usr/local/ITK3/Build/Utilities/DICOMParser" />
            <Add directory="/usr/local/ITK3/Build/Utilities/NrrdIO" />
            <Add directory="/usr/local/ITK3/Build/Utilities/expat" />
            <Add directory="/usr/local/ITK3/Build/Utilities/gdcm" />
            <Add directory="/usr/local/ITK3/Build/Utilities/vxl/core" />
            <Add directory="/usr/local/ITK3/Build/Utilities/vxl/v3p/netlib" />
            <Add directory="/usr/local/ITK3/Build/Utilities/vxl/vcl" />
            <Add directory="/usr/local/ITK3/Source/Code/Algorithms" />
            <Add directory="/usr/local/ITK3/Source/Code/BasicFilters" />
            <Add directory="/usr/local/ITK3/Source/Code/Common" />
            <Add directory="/usr/local/ITK3/Source/Code/IO" />
            <Add directory="/usr/local/ITK3/Source/Code/Numerics" />
            <Add directory="/usr/local/ITK3/Source/Code/Numerics/FEM" />
            <Add directory="/usr/local/ITK3/Source/Code/Numerics/NeuralNetworks" />
            <Add directory="/usr/local/ITK3/Source/Code/Numerics/Statistics" />
            <Add directory="/usr/local/ITK3/Source/Code/Review" />
            <Add directory="/usr/local/ITK3/Source/Code/SpatialObject" />
            <Add directory="/usr/local/ITK3/Source/Utilities" />
            <Add directory="/usr/local/ITK3/Source/Utilities/DICOMParser" />
            <Add directory="/usr/local/ITK3/Source/Utilities/MetaIO" />
            <Add directory="/usr/local/ITK3/Source/Utilities/NrrdIO" />
            <Add directory="/usr/local/ITK3/Source/Utilities/expat" />
            <Add directory="/usr/local/ITK3/Source/Utilities/gdcm/src" />
            <Add directory="/usr/local/ITK3/Source/Utilities/itkExtHdrs" />
            <Add directory="/usr/local/ITK3/Source/Utilities/nifti/niftilib" />
            <Add directory="/usr/local/ITK3/Source/Utilities/nifti/znzlib" />
            <Add directory="/usr/local/ITK3/Source/Utilities/vxl/core" />
            <Add directory="/usr/local/ITK3/Source/Utilities/vxl/v3p/netlib" />
            <Add directory="/usr/local/ITK3/Source/Utilities/vxl/vcl" />
            <Add directory="/usr/local/include" />
         </Compiler>
         <MakeCommands>
            <Build command="/usr/bin/make -f &quot;/home/mariano/BrainToolsCARM/QtCreator/Makefile&quot;  VERBOSE=1 PreTool/fast" />
            <CompileFile command="/usr/bin/make -f &quot;/home/mariano/BrainToolsCARM/QtCreator/Makefile&quot;  VERBOSE=1 &quot;$file&quot;" />
            <Clean command="/usr/bin/make -f &quot;/home/mariano/BrainToolsCARM/QtCreator/Makefile&quot;  VERBOSE=1 clean" />
            <DistClean command="/usr/bin/make -f &quot;/home/mariano/BrainToolsCARM/QtCreator/Makefile&quot;  VERBOSE=1 clean" />
         </MakeCommands>
      </Target>
      <Target title="CoregTool">
         <Option output="/home/mariano/BrainToolsCARM/QtCreator/CoregTool" prefix_auto="0" extension_auto="0" />
         <Option working_dir="" />
         <Option object_output="./" />
         <Option type="0" />
         <Option compiler="gcc" />
         <Compiler>
            <Add directory="/home/mariano/BrainToolsCARM" />
            <Add directory="/home/mariano/BrainToolsCARM/QtCreator" />
            <Add directory="/usr/include" />
            <Add directory="/usr/include/c++/4.8" />
            <Add directory="/usr/include/c++/4.8/backward" />
            <Add directory="/usr/include/x86_64-linux-gnu" />
            <Add directory="/usr/include/x86_64-linux-gnu/c++/4.8" />
            <Add directory="/usr/lib/gcc/x86_64-linux-gnu/4.8/include" />
            <Add directory="/usr/lib/gcc/x86_64-linux-gnu/4.8/include-fixed" />
            <Add directory="/usr/local/ITK3/Build" />
            <Add directory="/usr/local/ITK3/Build/Utilities" />
            <Add directory="/usr/local/ITK3/Build/Utilities/DICOMParser" />
            <Add directory="/usr/local/ITK3/Build/Utilities/NrrdIO" />
            <Add directory="/usr/local/ITK3/Build/Utilities/expat" />
            <Add directory="/usr/local/ITK3/Build/Utilities/gdcm" />
            <Add directory="/usr/local/ITK3/Build/Utilities/vxl/core" />
            <Add directory="/usr/local/ITK3/Build/Utilities/vxl/v3p/netlib" />
            <Add directory="/usr/local/ITK3/Build/Utilities/vxl/vcl" />
            <Add directory="/usr/local/ITK3/Source/Code/Algorithms" />
            <Add directory="/usr/local/ITK3/Source/Code/BasicFilters" />
            <Add directory="/usr/local/ITK3/Source/Code/Common" />
            <Add directory="/usr/local/ITK3/Source/Code/IO" />
            <Add directory="/usr/local/ITK3/Source/Code/Numerics" />
            <Add directory="/usr/local/ITK3/Source/Code/Numerics/FEM" />
            <Add directory="/usr/local/ITK3/Source/Code/Numerics/NeuralNetworks" />
            <Add directory="/usr/local/ITK3/Source/Code/Numerics/Statistics" />
            <Add directory="/usr/local/ITK3/Source/Code/Review" />
            <Add directory="/usr/local/ITK3/Source/Code/SpatialObject" />
            <Add directory="/usr/local/ITK3/Source/Utilities" />
            <Add directory="/usr/local/ITK3/Source/Utilities/DICOMParser" />
            <Add directory="/usr/local/ITK3/Source/Utilities/MetaIO" />
            <Add directory="/usr/local/ITK3/Source/Utilities/NrrdIO" />
            <Add directory="/usr/local/ITK3/Source/Utilities/expat" />
            <Add directory="/usr/local/ITK3/Source/Utilities/gdcm/src" />
            <Add directory="/usr/local/ITK3/Source/Utilities/itkExtHdrs" />
            <Add directory="/usr/local/ITK3/Source/Utilities/nifti/niftilib" />
            <Add directory="/usr/local/ITK3/Source/Utilities/nifti/znzlib" />
            <Add directory="/usr/local/ITK3/Source/Utilities/vxl/core" />
            <Add directory="/usr/local/ITK3/Source/Utilities/vxl/v3p/netlib" />
            <Add directory="/usr/local/ITK3/Source/Utilities/vxl/vcl" />
            <Add directory="/usr/local/include" />
         </Compiler>
         <MakeCommands>
            <Build command="/usr/bin/make -f &quot;/home/mariano/BrainToolsCARM/QtCreator/Makefile&quot;  VERBOSE=1 CoregTool" />
            <CompileFile command="/usr/bin/make -f &quot;/home/mariano/BrainToolsCARM/QtCreator/Makefile&quot;  VERBOSE=1 &quot;$file&quot;" />
            <Clean command="/usr/bin/make -f &quot;/home/mariano/BrainToolsCARM/QtCreator/Makefile&quot;  VERBOSE=1 clean" />
            <DistClean command="/usr/bin/make -f &quot;/home/mariano/BrainToolsCARM/QtCreator/Makefile&quot;  VERBOSE=1 clean" />
         </MakeCommands>
      </Target>
      <Target title="CoregTool/fast">
         <Option output="/home/mariano/BrainToolsCARM/QtCreator/CoregTool" prefix_auto="0" extension_auto="0" />
         <Option working_dir="" />
         <Option object_output="./" />
         <Option type="0" />
         <Option compiler="gcc" />
         <Compiler>
            <Add directory="/home/mariano/BrainToolsCARM" />
            <Add directory="/home/mariano/BrainToolsCARM/QtCreator" />
            <Add directory="/usr/include" />
            <Add directory="/usr/include/c++/4.8" />
            <Add directory="/usr/include/c++/4.8/backward" />
            <Add directory="/usr/include/x86_64-linux-gnu" />
            <Add directory="/usr/include/x86_64-linux-gnu/c++/4.8" />
            <Add directory="/usr/lib/gcc/x86_64-linux-gnu/4.8/include" />
            <Add directory="/usr/lib/gcc/x86_64-linux-gnu/4.8/include-fixed" />
            <Add directory="/usr/local/ITK3/Build" />
            <Add directory="/usr/local/ITK3/Build/Utilities" />
            <Add directory="/usr/local/ITK3/Build/Utilities/DICOMParser" />
            <Add directory="/usr/local/ITK3/Build/Utilities/NrrdIO" />
            <Add directory="/usr/local/ITK3/Build/Utilities/expat" />
            <Add directory="/usr/local/ITK3/Build/Utilities/gdcm" />
            <Add directory="/usr/local/ITK3/Build/Utilities/vxl/core" />
            <Add directory="/usr/local/ITK3/Build/Utilities/vxl/v3p/netlib" />
            <Add directory="/usr/local/ITK3/Build/Utilities/vxl/vcl" />
            <Add directory="/usr/local/ITK3/Source/Code/Algorithms" />
            <Add directory="/usr/local/ITK3/Source/Code/BasicFilters" />
            <Add directory="/usr/local/ITK3/Source/Code/Common" />
            <Add directory="/usr/local/ITK3/Source/Code/IO" />
            <Add directory="/usr/local/ITK3/Source/Code/Numerics" />
            <Add directory="/usr/local/ITK3/Source/Code/Numerics/FEM" />
            <Add directory="/usr/local/ITK3/Source/Code/Numerics/NeuralNetworks" />
            <Add directory="/usr/local/ITK3/Source/Code/Numerics/Statistics" />
            <Add directory="/usr/local/ITK3/Source/Code/Review" />
            <Add directory="/usr/local/ITK3/Source/Code/SpatialObject" />
            <Add directory="/usr/local/ITK3/Source/Utilities" />
            <Add directory="/usr/local/ITK3/Source/Utilities/DICOMParser" />
            <Add directory="/usr/local/ITK3/Source/Utilities/MetaIO" />
            <Add directory="/usr/local/ITK3/Source/Utilities/NrrdIO" />
            <Add directory="/usr/local/ITK3/Source/Utilities/expat" />
            <Add directory="/usr/local/ITK3/Source/Utilities/gdcm/src" />
            <Add directory="/usr/local/ITK3/Source/Utilities/itkExtHdrs" />
            <Add directory="/usr/local/ITK3/Source/Utilities/nifti/niftilib" />
            <Add directory="/usr/local/ITK3/Source/Utilities/nifti/znzlib" />
            <Add directory="/usr/local/ITK3/Source/Utilities/vxl/core" />
            <Add directory="/usr/local/ITK3/Source/Utilities/vxl/v3p/netlib" />
            <Add directory="/usr/local/ITK3/Source/Utilities/vxl/vcl" />
            <Add directory="/usr/local/include" />
         </Compiler>
         <MakeCommands>
            <Build command="/usr/bin/make -f &quot;/home/mariano/BrainToolsCARM/QtCreator/Makefile&quot;  VERBOSE=1 CoregTool/fast" />
            <CompileFile command="/usr/bin/make -f &quot;/home/mariano/BrainToolsCARM/QtCreator/Makefile&quot;  VERBOSE=1 &quot;$file&quot;" />
            <Clean command="/usr/bin/make -f &quot;/home/mariano/BrainToolsCARM/QtCreator/Makefile&quot;  VERBOSE=1 clean" />
            <DistClean command="/usr/bin/make -f &quot;/home/mariano/BrainToolsCARM/QtCreator/Makefile&quot;  VERBOSE=1 clean" />
         </MakeCommands>
      </Target>
      <Target title="AtlasTool">
         <Option output="/home/mariano/BrainToolsCARM/QtCreator/AtlasTool" prefix_auto="0" extension_auto="0" />
         <Option working_dir="" />
         <Option object_output="./" />
         <Option type="0" />
         <Option compiler="gcc" />
         <Compiler>
            <Add directory="/home/mariano/BrainToolsCARM" />
            <Add directory="/home/mariano/BrainToolsCARM/QtCreator" />
            <Add directory="/usr/include" />
            <Add directory="/usr/include/c++/4.8" />
            <Add directory="/usr/include/c++/4.8/backward" />
            <Add directory="/usr/include/x86_64-linux-gnu" />
            <Add directory="/usr/include/x86_64-linux-gnu/c++/4.8" />
            <Add directory="/usr/lib/gcc/x86_64-linux-gnu/4.8/include" />
            <Add directory="/usr/lib/gcc/x86_64-linux-gnu/4.8/include-fixed" />
            <Add directory="/usr/local/ITK3/Build" />
            <Add directory="/usr/local/ITK3/Build/Utilities" />
            <Add directory="/usr/local/ITK3/Build/Utilities/DICOMParser" />
            <Add directory="/usr/local/ITK3/Build/Utilities/NrrdIO" />
            <Add directory="/usr/local/ITK3/Build/Utilities/expat" />
            <Add directory="/usr/local/ITK3/Build/Utilities/gdcm" />
            <Add directory="/usr/local/ITK3/Build/Utilities/vxl/core" />
            <Add directory="/usr/local/ITK3/Build/Utilities/vxl/v3p/netlib" />
            <Add directory="/usr/local/ITK3/Build/Utilities/vxl/vcl" />
            <Add directory="/usr/local/ITK3/Source/Code/Algorithms" />
            <Add directory="/usr/local/ITK3/Source/Code/BasicFilters" />
            <Add directory="/usr/local/ITK3/Source/Code/Common" />
            <Add directory="/usr/local/ITK3/Source/Code/IO" />
            <Add directory="/usr/local/ITK3/Source/Code/Numerics" />
            <Add directory="/usr/local/ITK3/Source/Code/Numerics/FEM" />
            <Add directory="/usr/local/ITK3/Source/Code/Numerics/NeuralNetworks" />
            <Add directory="/usr/local/ITK3/Source/Code/Numerics/Statistics" />
            <Add directory="/usr/local/ITK3/Source/Code/Review" />
            <Add directory="/usr/local/ITK3/Source/Code/SpatialObject" />
            <Add directory="/usr/local/ITK3/Source/Utilities" />
            <Add directory="/usr/local/ITK3/Source/Utilities/DICOMParser" />
            <Add directory="/usr/local/ITK3/Source/Utilities/MetaIO" />
            <Add directory="/usr/local/ITK3/Source/Utilities/NrrdIO" />
            <Add directory="/usr/local/ITK3/Source/Utilities/expat" />
            <Add directory="/usr/local/ITK3/Source/Utilities/gdcm/src" />
            <Add directory="/usr/local/ITK3/Source/Utilities/itkExtHdrs" />
            <Add directory="/usr/local/ITK3/Source/Utilities/nifti/niftilib" />
            <Add directory="/usr/local/ITK3/Source/Utilities/nifti/znzlib" />
            <Add directory="/usr/local/ITK3/Source/Utilities/vxl/core" />
            <Add directory="/usr/local/ITK3/Source/Utilities/vxl/v3p/netlib" />
            <Add directory="/usr/local/ITK3/Source/Utilities/vxl/vcl" />
            <Add directory="/usr/local/include" />
         </Compiler>
         <MakeCommands>
            <Build command="/usr/bin/make -f &quot;/home/mariano/BrainToolsCARM/QtCreator/Makefile&quot;  VERBOSE=1 AtlasTool" />
            <CompileFile command="/usr/bin/make -f &quot;/home/mariano/BrainToolsCARM/QtCreator/Makefile&quot;  VERBOSE=1 &quot;$file&quot;" />
            <Clean command="/usr/bin/make -f &quot;/home/mariano/BrainToolsCARM/QtCreator/Makefile&quot;  VERBOSE=1 clean" />
            <DistClean command="/usr/bin/make -f &quot;/home/mariano/BrainToolsCARM/QtCreator/Makefile&quot;  VERBOSE=1 clean" />
         </MakeCommands>
      </Target>
      <Target title="AtlasTool/fast">
         <Option output="/home/mariano/BrainToolsCARM/QtCreator/AtlasTool" prefix_auto="0" extension_auto="0" />
         <Option working_dir="" />
         <Option object_output="./" />
         <Option type="0" />
         <Option compiler="gcc" />
         <Compiler>
            <Add directory="/home/mariano/BrainToolsCARM" />
            <Add directory="/home/mariano/BrainToolsCARM/QtCreator" />
            <Add directory="/usr/include" />
            <Add directory="/usr/include/c++/4.8" />
            <Add directory="/usr/include/c++/4.8/backward" />
            <Add directory="/usr/include/x86_64-linux-gnu" />
            <Add directory="/usr/include/x86_64-linux-gnu/c++/4.8" />
            <Add directory="/usr/lib/gcc/x86_64-linux-gnu/4.8/include" />
            <Add directory="/usr/lib/gcc/x86_64-linux-gnu/4.8/include-fixed" />
            <Add directory="/usr/local/ITK3/Build" />
            <Add directory="/usr/local/ITK3/Build/Utilities" />
            <Add directory="/usr/local/ITK3/Build/Utilities/DICOMParser" />
            <Add directory="/usr/local/ITK3/Build/Utilities/NrrdIO" />
            <Add directory="/usr/local/ITK3/Build/Utilities/expat" />
            <Add directory="/usr/local/ITK3/Build/Utilities/gdcm" />
            <Add directory="/usr/local/ITK3/Build/Utilities/vxl/core" />
            <Add directory="/usr/local/ITK3/Build/Utilities/vxl/v3p/netlib" />
            <Add directory="/usr/local/ITK3/Build/Utilities/vxl/vcl" />
            <Add directory="/usr/local/ITK3/Source/Code/Algorithms" />
            <Add directory="/usr/local/ITK3/Source/Code/BasicFilters" />
            <Add directory="/usr/local/ITK3/Source/Code/Common" />
            <Add directory="/usr/local/ITK3/Source/Code/IO" />
            <Add directory="/usr/local/ITK3/Source/Code/Numerics" />
            <Add directory="/usr/local/ITK3/Source/Code/Numerics/FEM" />
            <Add directory="/usr/local/ITK3/Source/Code/Numerics/NeuralNetworks" />
            <Add directory="/usr/local/ITK3/Source/Code/Numerics/Statistics" />
            <Add directory="/usr/local/ITK3/Source/Code/Review" />
            <Add directory="/usr/local/ITK3/Source/Code/SpatialObject" />
            <Add directory="/usr/local/ITK3/Source/Utilities" />
            <Add directory="/usr/local/ITK3/Source/Utilities/DICOMParser" />
            <Add directory="/usr/local/ITK3/Source/Utilities/MetaIO" />
            <Add directory="/usr/local/ITK3/Source/Utilities/NrrdIO" />
            <Add directory="/usr/local/ITK3/Source/Utilities/expat" />
            <Add directory="/usr/local/ITK3/Source/Utilities/gdcm/src" />
            <Add directory="/usr/local/ITK3/Source/Utilities/itkExtHdrs" />
            <Add directory="/usr/local/ITK3/Source/Utilities/nifti/niftilib" />
            <Add directory="/usr/local/ITK3/Source/Utilities/nifti/znzlib" />
            <Add directory="/usr/local/ITK3/Source/Utilities/vxl/core" />
            <Add directory="/usr/local/ITK3/Source/Utilities/vxl/v3p/netlib" />
            <Add directory="/usr/local/ITK3/Source/Utilities/vxl/vcl" />
            <Add directory="/usr/local/include" />
         </Compiler>
         <MakeCommands>
            <Build command="/usr/bin/make -f &quot;/home/mariano/BrainToolsCARM/QtCreator/Makefile&quot;  VERBOSE=1 AtlasTool/fast" />
            <CompileFile command="/usr/bin/make -f &quot;/home/mariano/BrainToolsCARM/QtCreator/Makefile&quot;  VERBOSE=1 &quot;$file&quot;" />
            <Clean command="/usr/bin/make -f &quot;/home/mariano/BrainToolsCARM/QtCreator/Makefile&quot;  VERBOSE=1 clean" />
            <DistClean command="/usr/bin/make -f &quot;/home/mariano/BrainToolsCARM/QtCreator/Makefile&quot;  VERBOSE=1 clean" />
         </MakeCommands>
      </Target>
      <Target title="SubtractionTool">
         <Option output="/home/mariano/BrainToolsCARM/QtCreator/SubtractionTool" prefix_auto="0" extension_auto="0" />
         <Option working_dir="" />
         <Option object_output="./" />
         <Option type="0" />
         <Option compiler="gcc" />
         <Compiler>
            <Add directory="/home/mariano/BrainToolsCARM" />
            <Add directory="/home/mariano/BrainToolsCARM/QtCreator" />
            <Add directory="/usr/include" />
            <Add directory="/usr/include/c++/4.8" />
            <Add directory="/usr/include/c++/4.8/backward" />
            <Add directory="/usr/include/x86_64-linux-gnu" />
            <Add directory="/usr/include/x86_64-linux-gnu/c++/4.8" />
            <Add directory="/usr/lib/gcc/x86_64-linux-gnu/4.8/include" />
            <Add directory="/usr/lib/gcc/x86_64-linux-gnu/4.8/include-fixed" />
            <Add directory="/usr/local/ITK3/Build" />
            <Add directory="/usr/local/ITK3/Build/Utilities" />
            <Add directory="/usr/local/ITK3/Build/Utilities/DICOMParser" />
            <Add directory="/usr/local/ITK3/Build/Utilities/NrrdIO" />
            <Add directory="/usr/local/ITK3/Build/Utilities/expat" />
            <Add directory="/usr/local/ITK3/Build/Utilities/gdcm" />
            <Add directory="/usr/local/ITK3/Build/Utilities/vxl/core" />
            <Add directory="/usr/local/ITK3/Build/Utilities/vxl/v3p/netlib" />
            <Add directory="/usr/local/ITK3/Build/Utilities/vxl/vcl" />
            <Add directory="/usr/local/ITK3/Source/Code/Algorithms" />
            <Add directory="/usr/local/ITK3/Source/Code/BasicFilters" />
            <Add directory="/usr/local/ITK3/Source/Code/Common" />
            <Add directory="/usr/local/ITK3/Source/Code/IO" />
            <Add directory="/usr/local/ITK3/Source/Code/Numerics" />
            <Add directory="/usr/local/ITK3/Source/Code/Numerics/FEM" />
            <Add directory="/usr/local/ITK3/Source/Code/Numerics/NeuralNetworks" />
            <Add directory="/usr/local/ITK3/Source/Code/Numerics/Statistics" />
            <Add directory="/usr/local/ITK3/Source/Code/Review" />
            <Add directory="/usr/local/ITK3/Source/Code/SpatialObject" />
            <Add directory="/usr/local/ITK3/Source/Utilities" />
            <Add directory="/usr/local/ITK3/Source/Utilities/DICOMParser" />
            <Add directory="/usr/local/ITK3/Source/Utilities/MetaIO" />
            <Add directory="/usr/local/ITK3/Source/Utilities/NrrdIO" />
            <Add directory="/usr/local/ITK3/Source/Utilities/expat" />
            <Add directory="/usr/local/ITK3/Source/Utilities/gdcm/src" />
            <Add directory="/usr/local/ITK3/Source/Utilities/itkExtHdrs" />
            <Add directory="/usr/local/ITK3/Source/Utilities/nifti/niftilib" />
            <Add directory="/usr/local/ITK3/Source/Utilities/nifti/znzlib" />
            <Add directory="/usr/local/ITK3/Source/Utilities/vxl/core" />
            <Add directory="/usr/local/ITK3/Source/Utilities/vxl/v3p/netlib" />
            <Add directory="/usr/local/ITK3/Source/Utilities/vxl/vcl" />
            <Add directory="/usr/local/include" />
         </Compiler>
         <MakeCommands>
            <Build command="/usr/bin/make -f &quot;/home/mariano/BrainToolsCARM/QtCreator/Makefile&quot;  VERBOSE=1 SubtractionTool" />
            <CompileFile command="/usr/bin/make -f &quot;/home/mariano/BrainToolsCARM/QtCreator/Makefile&quot;  VERBOSE=1 &quot;$file&quot;" />
            <Clean command="/usr/bin/make -f &quot;/home/mariano/BrainToolsCARM/QtCreator/Makefile&quot;  VERBOSE=1 clean" />
            <DistClean command="/usr/bin/make -f &quot;/home/mariano/BrainToolsCARM/QtCreator/Makefile&quot;  VERBOSE=1 clean" />
         </MakeCommands>
      </Target>
      <Target title="SubtractionTool/fast">
         <Option output="/home/mariano/BrainToolsCARM/QtCreator/SubtractionTool" prefix_auto="0" extension_auto="0" />
         <Option working_dir="" />
         <Option object_output="./" />
         <Option type="0" />
         <Option compiler="gcc" />
         <Compiler>
            <Add directory="/home/mariano/BrainToolsCARM" />
            <Add directory="/home/mariano/BrainToolsCARM/QtCreator" />
            <Add directory="/usr/include" />
            <Add directory="/usr/include/c++/4.8" />
            <Add directory="/usr/include/c++/4.8/backward" />
            <Add directory="/usr/include/x86_64-linux-gnu" />
            <Add directory="/usr/include/x86_64-linux-gnu/c++/4.8" />
            <Add directory="/usr/lib/gcc/x86_64-linux-gnu/4.8/include" />
            <Add directory="/usr/lib/gcc/x86_64-linux-gnu/4.8/include-fixed" />
            <Add directory="/usr/local/ITK3/Build" />
            <Add directory="/usr/local/ITK3/Build/Utilities" />
            <Add directory="/usr/local/ITK3/Build/Utilities/DICOMParser" />
            <Add directory="/usr/local/ITK3/Build/Utilities/NrrdIO" />
            <Add directory="/usr/local/ITK3/Build/Utilities/expat" />
            <Add directory="/usr/local/ITK3/Build/Utilities/gdcm" />
            <Add directory="/usr/local/ITK3/Build/Utilities/vxl/core" />
            <Add directory="/usr/local/ITK3/Build/Utilities/vxl/v3p/netlib" />
            <Add directory="/usr/local/ITK3/Build/Utilities/vxl/vcl" />
            <Add directory="/usr/local/ITK3/Source/Code/Algorithms" />
            <Add directory="/usr/local/ITK3/Source/Code/BasicFilters" />
            <Add directory="/usr/local/ITK3/Source/Code/Common" />
            <Add directory="/usr/local/ITK3/Source/Code/IO" />
            <Add directory="/usr/local/ITK3/Source/Code/Numerics" />
            <Add directory="/usr/local/ITK3/Source/Code/Numerics/FEM" />
            <Add directory="/usr/local/ITK3/Source/Code/Numerics/NeuralNetworks" />
            <Add directory="/usr/local/ITK3/Source/Code/Numerics/Statistics" />
            <Add directory="/usr/local/ITK3/Source/Code/Review" />
            <Add directory="/usr/local/ITK3/Source/Code/SpatialObject" />
            <Add directory="/usr/local/ITK3/Source/Utilities" />
            <Add directory="/usr/local/ITK3/Source/Utilities/DICOMParser" />
            <Add directory="/usr/local/ITK3/Source/Utilities/MetaIO" />
            <Add directory="/usr/local/ITK3/Source/Utilities/NrrdIO" />
            <Add directory="/usr/local/ITK3/Source/Utilities/expat" />
            <Add directory="/usr/local/ITK3/Source/Utilities/gdcm/src" />
            <Add directory="/usr/local/ITK3/Source/Utilities/itkExtHdrs" />
            <Add directory="/usr/local/ITK3/Source/Utilities/nifti/niftilib" />
            <Add directory="/usr/local/ITK3/Source/Utilities/nifti/znzlib" />
            <Add directory="/usr/local/ITK3/Source/Utilities/vxl/core" />
            <Add directory="/usr/local/ITK3/Source/Utilities/vxl/v3p/netlib" />
            <Add directory="/usr/local/ITK3/Source/Utilities/vxl/vcl" />
            <Add directory="/usr/local/include" />
         </Compiler>
         <MakeCommands>
            <Build command="/usr/bin/make -f &quot;/home/mariano/BrainToolsCARM/QtCreator/Makefile&quot;  VERBOSE=1 SubtractionTool/fast" />
            <CompileFile command="/usr/bin/make -f &quot;/home/mariano/BrainToolsCARM/QtCreator/Makefile&quot;  VERBOSE=1 &quot;$file&quot;" />
            <Clean command="/usr/bin/make -f &quot;/home/mariano/BrainToolsCARM/QtCreator/Makefile&quot;  VERBOSE=1 clean" />
            <DistClean command="/usr/bin/make -f &quot;/home/mariano/BrainToolsCARM/QtCreator/Makefile&quot;  VERBOSE=1 clean" />
         </MakeCommands>
      </Target>
      <Target title="DeformableTool">
         <Option output="/home/mariano/BrainToolsCARM/QtCreator/DeformableTool" prefix_auto="0" extension_auto="0" />
         <Option working_dir="" />
         <Option object_output="./" />
         <Option type="0" />
         <Option compiler="gcc" />
         <Compiler>
            <Add directory="/home/mariano/BrainToolsCARM" />
            <Add directory="/home/mariano/BrainToolsCARM/QtCreator" />
            <Add directory="/usr/include" />
            <Add directory="/usr/include/c++/4.8" />
            <Add directory="/usr/include/c++/4.8/backward" />
            <Add directory="/usr/include/x86_64-linux-gnu" />
            <Add directory="/usr/include/x86_64-linux-gnu/c++/4.8" />
            <Add directory="/usr/lib/gcc/x86_64-linux-gnu/4.8/include" />
            <Add directory="/usr/lib/gcc/x86_64-linux-gnu/4.8/include-fixed" />
            <Add directory="/usr/local/ITK3/Build" />
            <Add directory="/usr/local/ITK3/Build/Utilities" />
            <Add directory="/usr/local/ITK3/Build/Utilities/DICOMParser" />
            <Add directory="/usr/local/ITK3/Build/Utilities/NrrdIO" />
            <Add directory="/usr/local/ITK3/Build/Utilities/expat" />
            <Add directory="/usr/local/ITK3/Build/Utilities/gdcm" />
            <Add directory="/usr/local/ITK3/Build/Utilities/vxl/core" />
            <Add directory="/usr/local/ITK3/Build/Utilities/vxl/v3p/netlib" />
            <Add directory="/usr/local/ITK3/Build/Utilities/vxl/vcl" />
            <Add directory="/usr/local/ITK3/Source/Code/Algorithms" />
            <Add directory="/usr/local/ITK3/Source/Code/BasicFilters" />
            <Add directory="/usr/local/ITK3/Source/Code/Common" />
            <Add directory="/usr/local/ITK3/Source/Code/IO" />
            <Add directory="/usr/local/ITK3/Source/Code/Numerics" />
            <Add directory="/usr/local/ITK3/Source/Code/Numerics/FEM" />
            <Add directory="/usr/local/ITK3/Source/Code/Numerics/NeuralNetworks" />
            <Add directory="/usr/local/ITK3/Source/Code/Numerics/Statistics" />
            <Add directory="/usr/local/ITK3/Source/Code/Review" />
            <Add directory="/usr/local/ITK3/Source/Code/SpatialObject" />
            <Add directory="/usr/local/ITK3/Source/Utilities" />
            <Add directory="/usr/local/ITK3/Source/Utilities/DICOMParser" />
            <Add directory="/usr/local/ITK3/Source/Utilities/MetaIO" />
            <Add directory="/usr/local/ITK3/Source/Utilities/NrrdIO" />
            <Add directory="/usr/local/ITK3/Source/Utilities/expat" />
            <Add directory="/usr/local/ITK3/Source/Utilities/gdcm/src" />
            <Add directory="/usr/local/ITK3/Source/Utilities/itkExtHdrs" />
            <Add directory="/usr/local/ITK3/Source/Utilities/nifti/niftilib" />
            <Add directory="/usr/local/ITK3/Source/Utilities/nifti/znzlib" />
            <Add directory="/usr/local/ITK3/Source/Utilities/vxl/core" />
            <Add directory="/usr/local/ITK3/Source/Utilities/vxl/v3p/netlib" />
            <Add directory="/usr/local/ITK3/Source/Utilities/vxl/vcl" />
            <Add directory="/usr/local/include" />
         </Compiler>
         <MakeCommands>
            <Build command="/usr/bin/make -f &quot;/home/mariano/BrainToolsCARM/QtCreator/Makefile&quot;  VERBOSE=1 DeformableTool" />
            <CompileFile command="/usr/bin/make -f &quot;/home/mariano/BrainToolsCARM/QtCreator/Makefile&quot;  VERBOSE=1 &quot;$file&quot;" />
            <Clean command="/usr/bin/make -f &quot;/home/mariano/BrainToolsCARM/QtCreator/Makefile&quot;  VERBOSE=1 clean" />
            <DistClean command="/usr/bin/make -f &quot;/home/mariano/BrainToolsCARM/QtCreator/Makefile&quot;  VERBOSE=1 clean" />
         </MakeCommands>
      </Target>
      <Target title="DeformableTool/fast">
         <Option output="/home/mariano/BrainToolsCARM/QtCreator/DeformableTool" prefix_auto="0" extension_auto="0" />
         <Option working_dir="" />
         <Option object_output="./" />
         <Option type="0" />
         <Option compiler="gcc" />
         <Compiler>
            <Add directory="/home/mariano/BrainToolsCARM" />
            <Add directory="/home/mariano/BrainToolsCARM/QtCreator" />
            <Add directory="/usr/include" />
            <Add directory="/usr/include/c++/4.8" />
            <Add directory="/usr/include/c++/4.8/backward" />
            <Add directory="/usr/include/x86_64-linux-gnu" />
            <Add directory="/usr/include/x86_64-linux-gnu/c++/4.8" />
            <Add directory="/usr/lib/gcc/x86_64-linux-gnu/4.8/include" />
            <Add directory="/usr/lib/gcc/x86_64-linux-gnu/4.8/include-fixed" />
            <Add directory="/usr/local/ITK3/Build" />
            <Add directory="/usr/local/ITK3/Build/Utilities" />
            <Add directory="/usr/local/ITK3/Build/Utilities/DICOMParser" />
            <Add directory="/usr/local/ITK3/Build/Utilities/NrrdIO" />
            <Add directory="/usr/local/ITK3/Build/Utilities/expat" />
            <Add directory="/usr/local/ITK3/Build/Utilities/gdcm" />
            <Add directory="/usr/local/ITK3/Build/Utilities/vxl/core" />
            <Add directory="/usr/local/ITK3/Build/Utilities/vxl/v3p/netlib" />
            <Add directory="/usr/local/ITK3/Build/Utilities/vxl/vcl" />
            <Add directory="/usr/local/ITK3/Source/Code/Algorithms" />
            <Add directory="/usr/local/ITK3/Source/Code/BasicFilters" />
            <Add directory="/usr/local/ITK3/Source/Code/Common" />
            <Add directory="/usr/local/ITK3/Source/Code/IO" />
            <Add directory="/usr/local/ITK3/Source/Code/Numerics" />
            <Add directory="/usr/local/ITK3/Source/Code/Numerics/FEM" />
            <Add directory="/usr/local/ITK3/Source/Code/Numerics/NeuralNetworks" />
            <Add directory="/usr/local/ITK3/Source/Code/Numerics/Statistics" />
            <Add directory="/usr/local/ITK3/Source/Code/Review" />
            <Add directory="/usr/local/ITK3/Source/Code/SpatialObject" />
            <Add directory="/usr/local/ITK3/Source/Utilities" />
            <Add directory="/usr/local/ITK3/Source/Utilities/DICOMParser" />
            <Add directory="/usr/local/ITK3/Source/Utilities/MetaIO" />
            <Add directory="/usr/local/ITK3/Source/Utilities/NrrdIO" />
            <Add directory="/usr/local/ITK3/Source/Utilities/expat" />
            <Add directory="/usr/local/ITK3/Source/Utilities/gdcm/src" />
            <Add directory="/usr/local/ITK3/Source/Utilities/itkExtHdrs" />
            <Add directory="/usr/local/ITK3/Source/Utilities/nifti/niftilib" />
            <Add directory="/usr/local/ITK3/Source/Utilities/nifti/znzlib" />
            <Add directory="/usr/local/ITK3/Source/Utilities/vxl/core" />
            <Add directory="/usr/local/ITK3/Source/Utilities/vxl/v3p/netlib" />
            <Add directory="/usr/local/ITK3/Source/Utilities/vxl/vcl" />
            <Add directory="/usr/local/include" />
         </Compiler>
         <MakeCommands>
            <Build command="/usr/bin/make -f &quot;/home/mariano/BrainToolsCARM/QtCreator/Makefile&quot;  VERBOSE=1 DeformableTool/fast" />
            <CompileFile command="/usr/bin/make -f &quot;/home/mariano/BrainToolsCARM/QtCreator/Makefile&quot;  VERBOSE=1 &quot;$file&quot;" />
            <Clean command="/usr/bin/make -f &quot;/home/mariano/BrainToolsCARM/QtCreator/Makefile&quot;  VERBOSE=1 clean" />
            <DistClean command="/usr/bin/make -f &quot;/home/mariano/BrainToolsCARM/QtCreator/Makefile&quot;  VERBOSE=1 clean" />
         </MakeCommands>
      </Target>
      <Target title="PostTool">
         <Option output="/home/mariano/BrainToolsCARM/QtCreator/PostTool" prefix_auto="0" extension_auto="0" />
         <Option working_dir="" />
         <Option object_output="./" />
         <Option type="0" />
         <Option compiler="gcc" />
         <Compiler>
            <Add directory="/home/mariano/BrainToolsCARM" />
            <Add directory="/home/mariano/BrainToolsCARM/QtCreator" />
            <Add directory="/usr/include" />
            <Add directory="/usr/include/c++/4.8" />
            <Add directory="/usr/include/c++/4.8/backward" />
            <Add directory="/usr/include/x86_64-linux-gnu" />
            <Add directory="/usr/include/x86_64-linux-gnu/c++/4.8" />
            <Add directory="/usr/lib/gcc/x86_64-linux-gnu/4.8/include" />
            <Add directory="/usr/lib/gcc/x86_64-linux-gnu/4.8/include-fixed" />
            <Add directory="/usr/local/ITK3/Build" />
            <Add directory="/usr/local/ITK3/Build/Utilities" />
            <Add directory="/usr/local/ITK3/Build/Utilities/DICOMParser" />
            <Add directory="/usr/local/ITK3/Build/Utilities/NrrdIO" />
            <Add directory="/usr/local/ITK3/Build/Utilities/expat" />
            <Add directory="/usr/local/ITK3/Build/Utilities/gdcm" />
            <Add directory="/usr/local/ITK3/Build/Utilities/vxl/core" />
            <Add directory="/usr/local/ITK3/Build/Utilities/vxl/v3p/netlib" />
            <Add directory="/usr/local/ITK3/Build/Utilities/vxl/vcl" />
            <Add directory="/usr/local/ITK3/Source/Code/Algorithms" />
            <Add directory="/usr/local/ITK3/Source/Code/BasicFilters" />
            <Add directory="/usr/local/ITK3/Source/Code/Common" />
            <Add directory="/usr/local/ITK3/Source/Code/IO" />
            <Add directory="/usr/local/ITK3/Source/Code/Numerics" />
            <Add directory="/usr/local/ITK3/Source/Code/Numerics/FEM" />
            <Add directory="/usr/local/ITK3/Source/Code/Numerics/NeuralNetworks" />
            <Add directory="/usr/local/ITK3/Source/Code/Numerics/Statistics" />
            <Add directory="/usr/local/ITK3/Source/Code/Review" />
            <Add directory="/usr/local/ITK3/Source/Code/SpatialObject" />
            <Add directory="/usr/local/ITK3/Source/Utilities" />
            <Add directory="/usr/local/ITK3/Source/Utilities/DICOMParser" />
            <Add directory="/usr/local/ITK3/Source/Utilities/MetaIO" />
            <Add directory="/usr/local/ITK3/Source/Utilities/NrrdIO" />
            <Add directory="/usr/local/ITK3/Source/Utilities/expat" />
            <Add directory="/usr/local/ITK3/Source/Utilities/gdcm/src" />
            <Add directory="/usr/local/ITK3/Source/Utilities/itkExtHdrs" />
            <Add directory="/usr/local/ITK3/Source/Utilities/nifti/niftilib" />
            <Add directory="/usr/local/ITK3/Source/Utilities/nifti/znzlib" />
            <Add directory="/usr/local/ITK3/Source/Utilities/vxl/core" />
            <Add directory="/usr/local/ITK3/Source/Utilities/vxl/v3p/netlib" />
            <Add directory="/usr/local/ITK3/Source/Utilities/vxl/vcl" />
            <Add directory="/usr/local/include" />
         </Compiler>
         <MakeCommands>
            <Build command="/usr/bin/make -f &quot;/home/mariano/BrainToolsCARM/QtCreator/Makefile&quot;  VERBOSE=1 PostTool" />
            <CompileFile command="/usr/bin/make -f &quot;/home/mariano/BrainToolsCARM/QtCreator/Makefile&quot;  VERBOSE=1 &quot;$file&quot;" />
            <Clean command="/usr/bin/make -f &quot;/home/mariano/BrainToolsCARM/QtCreator/Makefile&quot;  VERBOSE=1 clean" />
            <DistClean command="/usr/bin/make -f &quot;/home/mariano/BrainToolsCARM/QtCreator/Makefile&quot;  VERBOSE=1 clean" />
         </MakeCommands>
      </Target>
      <Target title="PostTool/fast">
         <Option output="/home/mariano/BrainToolsCARM/QtCreator/PostTool" prefix_auto="0" extension_auto="0" />
         <Option working_dir="" />
         <Option object_output="./" />
         <Option type="0" />
         <Option compiler="gcc" />
         <Compiler>
            <Add directory="/home/mariano/BrainToolsCARM" />
            <Add directory="/home/mariano/BrainToolsCARM/QtCreator" />
            <Add directory="/usr/include" />
            <Add directory="/usr/include/c++/4.8" />
            <Add directory="/usr/include/c++/4.8/backward" />
            <Add directory="/usr/include/x86_64-linux-gnu" />
            <Add directory="/usr/include/x86_64-linux-gnu/c++/4.8" />
            <Add directory="/usr/lib/gcc/x86_64-linux-gnu/4.8/include" />
            <Add directory="/usr/lib/gcc/x86_64-linux-gnu/4.8/include-fixed" />
            <Add directory="/usr/local/ITK3/Build" />
            <Add directory="/usr/local/ITK3/Build/Utilities" />
            <Add directory="/usr/local/ITK3/Build/Utilities/DICOMParser" />
            <Add directory="/usr/local/ITK3/Build/Utilities/NrrdIO" />
            <Add directory="/usr/local/ITK3/Build/Utilities/expat" />
            <Add directory="/usr/local/ITK3/Build/Utilities/gdcm" />
            <Add directory="/usr/local/ITK3/Build/Utilities/vxl/core" />
            <Add directory="/usr/local/ITK3/Build/Utilities/vxl/v3p/netlib" />
            <Add directory="/usr/local/ITK3/Build/Utilities/vxl/vcl" />
            <Add directory="/usr/local/ITK3/Source/Code/Algorithms" />
            <Add directory="/usr/local/ITK3/Source/Code/BasicFilters" />
            <Add directory="/usr/local/ITK3/Source/Code/Common" />
            <Add directory="/usr/local/ITK3/Source/Code/IO" />
            <Add directory="/usr/local/ITK3/Source/Code/Numerics" />
            <Add directory="/usr/local/ITK3/Source/Code/Numerics/FEM" />
            <Add directory="/usr/local/ITK3/Source/Code/Numerics/NeuralNetworks" />
            <Add directory="/usr/local/ITK3/Source/Code/Numerics/Statistics" />
            <Add directory="/usr/local/ITK3/Source/Code/Review" />
            <Add directory="/usr/local/ITK3/Source/Code/SpatialObject" />
            <Add directory="/usr/local/ITK3/Source/Utilities" />
            <Add directory="/usr/local/ITK3/Source/Utilities/DICOMParser" />
            <Add directory="/usr/local/ITK3/Source/Utilities/MetaIO" />
            <Add directory="/usr/local/ITK3/Source/Utilities/NrrdIO" />
            <Add directory="/usr/local/ITK3/Source/Utilities/expat" />
            <Add directory="/usr/local/ITK3/Source/Utilities/gdcm/src" />
            <Add directory="/usr/local/ITK3/Source/Utilities/itkExtHdrs" />
            <Add directory="/usr/local/ITK3/Source/Utilities/nifti/niftilib" />
            <Add directory="/usr/local/ITK3/Source/Utilities/nifti/znzlib" />
            <Add directory="/usr/local/ITK3/Source/Utilities/vxl/core" />
            <Add directory="/usr/local/ITK3/Source/Utilities/vxl/v3p/netlib" />
            <Add directory="/usr/local/ITK3/Source/Utilities/vxl/vcl" />
            <Add directory="/usr/local/include" />
         </Compiler>
         <MakeCommands>
            <Build command="/usr/bin/make -f &quot;/home/mariano/BrainToolsCARM/QtCreator/Makefile&quot;  VERBOSE=1 PostTool/fast" />
            <CompileFile command="/usr/bin/make -f &quot;/home/mariano/BrainToolsCARM/QtCreator/Makefile&quot;  VERBOSE=1 &quot;$file&quot;" />
            <Clean command="/usr/bin/make -f &quot;/home/mariano/BrainToolsCARM/QtCreator/Makefile&quot;  VERBOSE=1 clean" />
            <DistClean command="/usr/bin/make -f &quot;/home/mariano/BrainToolsCARM/QtCreator/Makefile&quot;  VERBOSE=1 clean" />
         </MakeCommands>
      </Target>
      <Target title="TissueTool">
         <Option output="/home/mariano/BrainToolsCARM/QtCreator/TissueTool" prefix_auto="0" extension_auto="0" />
         <Option working_dir="" />
         <Option object_output="./" />
         <Option type="0" />
         <Option compiler="gcc" />
         <Compiler>
            <Add directory="/home/mariano/BrainToolsCARM" />
            <Add directory="/home/mariano/BrainToolsCARM/QtCreator" />
            <Add directory="/usr/include" />
            <Add directory="/usr/include/c++/4.8" />
            <Add directory="/usr/include/c++/4.8/backward" />
            <Add directory="/usr/include/x86_64-linux-gnu" />
            <Add directory="/usr/include/x86_64-linux-gnu/c++/4.8" />
            <Add directory="/usr/lib/gcc/x86_64-linux-gnu/4.8/include" />
            <Add directory="/usr/lib/gcc/x86_64-linux-gnu/4.8/include-fixed" />
            <Add directory="/usr/local/ITK3/Build" />
            <Add directory="/usr/local/ITK3/Build/Utilities" />
            <Add directory="/usr/local/ITK3/Build/Utilities/DICOMParser" />
            <Add directory="/usr/local/ITK3/Build/Utilities/NrrdIO" />
            <Add directory="/usr/local/ITK3/Build/Utilities/expat" />
            <Add directory="/usr/local/ITK3/Build/Utilities/gdcm" />
            <Add directory="/usr/local/ITK3/Build/Utilities/vxl/core" />
            <Add directory="/usr/local/ITK3/Build/Utilities/vxl/v3p/netlib" />
            <Add directory="/usr/local/ITK3/Build/Utilities/vxl/vcl" />
            <Add directory="/usr/local/ITK3/Source/Code/Algorithms" />
            <Add directory="/usr/local/ITK3/Source/Code/BasicFilters" />
            <Add directory="/usr/local/ITK3/Source/Code/Common" />
            <Add directory="/usr/local/ITK3/Source/Code/IO" />
            <Add directory="/usr/local/ITK3/Source/Code/Numerics" />
            <Add directory="/usr/local/ITK3/Source/Code/Numerics/FEM" />
            <Add directory="/usr/local/ITK3/Source/Code/Numerics/NeuralNetworks" />
            <Add directory="/usr/local/ITK3/Source/Code/Numerics/Statistics" />
            <Add directory="/usr/local/ITK3/Source/Code/Review" />
            <Add directory="/usr/local/ITK3/Source/Code/SpatialObject" />
            <Add directory="/usr/local/ITK3/Source/Utilities" />
            <Add directory="/usr/local/ITK3/Source/Utilities/DICOMParser" />
            <Add directory="/usr/local/ITK3/Source/Utilities/MetaIO" />
            <Add directory="/usr/local/ITK3/Source/Utilities/NrrdIO" />
            <Add directory="/usr/local/ITK3/Source/Utilities/expat" />
            <Add directory="/usr/local/ITK3/Source/Utilities/gdcm/src" />
            <Add directory="/usr/local/ITK3/Source/Utilities/itkExtHdrs" />
            <Add directory="/usr/local/ITK3/Source/Utilities/nifti/niftilib" />
            <Add directory="/usr/local/ITK3/Source/Utilities/nifti/znzlib" />
            <Add directory="/usr/local/ITK3/Source/Utilities/vxl/core" />
            <Add directory="/usr/local/ITK3/Source/Utilities/vxl/v3p/netlib" />
            <Add directory="/usr/local/ITK3/Source/Utilities/vxl/vcl" />
            <Add directory="/usr/local/include" />
         </Compiler>
         <MakeCommands>
            <Build command="/usr/bin/make -f &quot;/home/mariano/BrainToolsCARM/QtCreator/Makefile&quot;  VERBOSE=1 TissueTool" />
            <CompileFile command="/usr/bin/make -f &quot;/home/mariano/BrainToolsCARM/QtCreator/Makefile&quot;  VERBOSE=1 &quot;$file&quot;" />
            <Clean command="/usr/bin/make -f &quot;/home/mariano/BrainToolsCARM/QtCreator/Makefile&quot;  VERBOSE=1 clean" />
            <DistClean command="/usr/bin/make -f &quot;/home/mariano/BrainToolsCARM/QtCreator/Makefile&quot;  VERBOSE=1 clean" />
         </MakeCommands>
      </Target>
      <Target title="TissueTool/fast">
         <Option output="/home/mariano/BrainToolsCARM/QtCreator/TissueTool" prefix_auto="0" extension_auto="0" />
         <Option working_dir="" />
         <Option object_output="./" />
         <Option type="0" />
         <Option compiler="gcc" />
         <Compiler>
            <Add directory="/home/mariano/BrainToolsCARM" />
            <Add directory="/home/mariano/BrainToolsCARM/QtCreator" />
            <Add directory="/usr/include" />
            <Add directory="/usr/include/c++/4.8" />
            <Add directory="/usr/include/c++/4.8/backward" />
            <Add directory="/usr/include/x86_64-linux-gnu" />
            <Add directory="/usr/include/x86_64-linux-gnu/c++/4.8" />
            <Add directory="/usr/lib/gcc/x86_64-linux-gnu/4.8/include" />
            <Add directory="/usr/lib/gcc/x86_64-linux-gnu/4.8/include-fixed" />
            <Add directory="/usr/local/ITK3/Build" />
            <Add directory="/usr/local/ITK3/Build/Utilities" />
            <Add directory="/usr/local/ITK3/Build/Utilities/DICOMParser" />
            <Add directory="/usr/local/ITK3/Build/Utilities/NrrdIO" />
            <Add directory="/usr/local/ITK3/Build/Utilities/expat" />
            <Add directory="/usr/local/ITK3/Build/Utilities/gdcm" />
            <Add directory="/usr/local/ITK3/Build/Utilities/vxl/core" />
            <Add directory="/usr/local/ITK3/Build/Utilities/vxl/v3p/netlib" />
            <Add directory="/usr/local/ITK3/Build/Utilities/vxl/vcl" />
            <Add directory="/usr/local/ITK3/Source/Code/Algorithms" />
            <Add directory="/usr/local/ITK3/Source/Code/BasicFilters" />
            <Add directory="/usr/local/ITK3/Source/Code/Common" />
            <Add directory="/usr/local/ITK3/Source/Code/IO" />
            <Add directory="/usr/local/ITK3/Source/Code/Numerics" />
            <Add directory="/usr/local/ITK3/Source/Code/Numerics/FEM" />
            <Add directory="/usr/local/ITK3/Source/Code/Numerics/NeuralNetworks" />
            <Add directory="/usr/local/ITK3/Source/Code/Numerics/Statistics" />
            <Add directory="/usr/local/ITK3/Source/Code/Review" />
            <Add directory="/usr/local/ITK3/Source/Code/SpatialObject" />
            <Add directory="/usr/local/ITK3/Source/Utilities" />
            <Add directory="/usr/local/ITK3/Source/Utilities/DICOMParser" />
            <Add directory="/usr/local/ITK3/Source/Utilities/MetaIO" />
            <Add directory="/usr/local/ITK3/Source/Utilities/NrrdIO" />
            <Add directory="/usr/local/ITK3/Source/Utilities/expat" />
            <Add directory="/usr/local/ITK3/Source/Utilities/gdcm/src" />
            <Add directory="/usr/local/ITK3/Source/Utilities/itkExtHdrs" />
            <Add directory="/usr/local/ITK3/Source/Utilities/nifti/niftilib" />
            <Add directory="/usr/local/ITK3/Source/Utilities/nifti/znzlib" />
            <Add directory="/usr/local/ITK3/Source/Utilities/vxl/core" />
            <Add directory="/usr/local/ITK3/Source/Utilities/vxl/v3p/netlib" />
            <Add directory="/usr/local/ITK3/Source/Utilities/vxl/vcl" />
            <Add directory="/usr/local/include" />
         </Compiler>
         <MakeCommands>
            <Build command="/usr/bin/make -f &quot;/home/mariano/BrainToolsCARM/QtCreator/Makefile&quot;  VERBOSE=1 TissueTool/fast" />
            <CompileFile command="/usr/bin/make -f &quot;/home/mariano/BrainToolsCARM/QtCreator/Makefile&quot;  VERBOSE=1 &quot;$file&quot;" />
            <Clean command="/usr/bin/make -f &quot;/home/mariano/BrainToolsCARM/QtCreator/Makefile&quot;  VERBOSE=1 clean" />
            <DistClean command="/usr/bin/make -f &quot;/home/mariano/BrainToolsCARM/QtCreator/Makefile&quot;  VERBOSE=1 clean" />
         </MakeCommands>
      </Target>
      <Target title="HistogramTool">
         <Option output="/home/mariano/BrainToolsCARM/QtCreator/HistogramTool" prefix_auto="0" extension_auto="0" />
         <Option working_dir="" />
         <Option object_output="./" />
         <Option type="0" />
         <Option compiler="gcc" />
         <Compiler>
            <Add directory="/home/mariano/BrainToolsCARM" />
            <Add directory="/home/mariano/BrainToolsCARM/QtCreator" />
            <Add directory="/usr/include" />
            <Add directory="/usr/include/c++/4.8" />
            <Add directory="/usr/include/c++/4.8/backward" />
            <Add directory="/usr/include/x86_64-linux-gnu" />
            <Add directory="/usr/include/x86_64-linux-gnu/c++/4.8" />
            <Add directory="/usr/lib/gcc/x86_64-linux-gnu/4.8/include" />
            <Add directory="/usr/lib/gcc/x86_64-linux-gnu/4.8/include-fixed" />
            <Add directory="/usr/local/ITK3/Build" />
            <Add directory="/usr/local/ITK3/Build/Utilities" />
            <Add directory="/usr/local/ITK3/Build/Utilities/DICOMParser" />
            <Add directory="/usr/local/ITK3/Build/Utilities/NrrdIO" />
            <Add directory="/usr/local/ITK3/Build/Utilities/expat" />
            <Add directory="/usr/local/ITK3/Build/Utilities/gdcm" />
            <Add directory="/usr/local/ITK3/Build/Utilities/vxl/core" />
            <Add directory="/usr/local/ITK3/Build/Utilities/vxl/v3p/netlib" />
            <Add directory="/usr/local/ITK3/Build/Utilities/vxl/vcl" />
            <Add directory="/usr/local/ITK3/Source/Code/Algorithms" />
            <Add directory="/usr/local/ITK3/Source/Code/BasicFilters" />
            <Add directory="/usr/local/ITK3/Source/Code/Common" />
            <Add directory="/usr/local/ITK3/Source/Code/IO" />
            <Add directory="/usr/local/ITK3/Source/Code/Numerics" />
            <Add directory="/usr/local/ITK3/Source/Code/Numerics/FEM" />
            <Add directory="/usr/local/ITK3/Source/Code/Numerics/NeuralNetworks" />
            <Add directory="/usr/local/ITK3/Source/Code/Numerics/Statistics" />
            <Add directory="/usr/local/ITK3/Source/Code/Review" />
            <Add directory="/usr/local/ITK3/Source/Code/SpatialObject" />
            <Add directory="/usr/local/ITK3/Source/Utilities" />
            <Add directory="/usr/local/ITK3/Source/Utilities/DICOMParser" />
            <Add directory="/usr/local/ITK3/Source/Utilities/MetaIO" />
            <Add directory="/usr/local/ITK3/Source/Utilities/NrrdIO" />
            <Add directory="/usr/local/ITK3/Source/Utilities/expat" />
            <Add directory="/usr/local/ITK3/Source/Utilities/gdcm/src" />
            <Add directory="/usr/local/ITK3/Source/Utilities/itkExtHdrs" />
            <Add directory="/usr/local/ITK3/Source/Utilities/nifti/niftilib" />
            <Add directory="/usr/local/ITK3/Source/Utilities/nifti/znzlib" />
            <Add directory="/usr/local/ITK3/Source/Utilities/vxl/core" />
            <Add directory="/usr/local/ITK3/Source/Utilities/vxl/v3p/netlib" />
            <Add directory="/usr/local/ITK3/Source/Utilities/vxl/vcl" />
            <Add directory="/usr/local/include" />
         </Compiler>
         <MakeCommands>
            <Build command="/usr/bin/make -f &quot;/home/mariano/BrainToolsCARM/QtCreator/Makefile&quot;  VERBOSE=1 HistogramTool" />
            <CompileFile command="/usr/bin/make -f &quot;/home/mariano/BrainToolsCARM/QtCreator/Makefile&quot;  VERBOSE=1 &quot;$file&quot;" />
            <Clean command="/usr/bin/make -f &quot;/home/mariano/BrainToolsCARM/QtCreator/Makefile&quot;  VERBOSE=1 clean" />
            <DistClean command="/usr/bin/make -f &quot;/home/mariano/BrainToolsCARM/QtCreator/Makefile&quot;  VERBOSE=1 clean" />
         </MakeCommands>
      </Target>
      <Target title="HistogramTool/fast">
         <Option output="/home/mariano/BrainToolsCARM/QtCreator/HistogramTool" prefix_auto="0" extension_auto="0" />
         <Option working_dir="" />
         <Option object_output="./" />
         <Option type="0" />
         <Option compiler="gcc" />
         <Compiler>
            <Add directory="/home/mariano/BrainToolsCARM" />
            <Add directory="/home/mariano/BrainToolsCARM/QtCreator" />
            <Add directory="/usr/include" />
            <Add directory="/usr/include/c++/4.8" />
            <Add directory="/usr/include/c++/4.8/backward" />
            <Add directory="/usr/include/x86_64-linux-gnu" />
            <Add directory="/usr/include/x86_64-linux-gnu/c++/4.8" />
            <Add directory="/usr/lib/gcc/x86_64-linux-gnu/4.8/include" />
            <Add directory="/usr/lib/gcc/x86_64-linux-gnu/4.8/include-fixed" />
            <Add directory="/usr/local/ITK3/Build" />
            <Add directory="/usr/local/ITK3/Build/Utilities" />
            <Add directory="/usr/local/ITK3/Build/Utilities/DICOMParser" />
            <Add directory="/usr/local/ITK3/Build/Utilities/NrrdIO" />
            <Add directory="/usr/local/ITK3/Build/Utilities/expat" />
            <Add directory="/usr/local/ITK3/Build/Utilities/gdcm" />
            <Add directory="/usr/local/ITK3/Build/Utilities/vxl/core" />
            <Add directory="/usr/local/ITK3/Build/Utilities/vxl/v3p/netlib" />
            <Add directory="/usr/local/ITK3/Build/Utilities/vxl/vcl" />
            <Add directory="/usr/local/ITK3/Source/Code/Algorithms" />
            <Add directory="/usr/local/ITK3/Source/Code/BasicFilters" />
            <Add directory="/usr/local/ITK3/Source/Code/Common" />
            <Add directory="/usr/local/ITK3/Source/Code/IO" />
            <Add directory="/usr/local/ITK3/Source/Code/Numerics" />
            <Add directory="/usr/local/ITK3/Source/Code/Numerics/FEM" />
            <Add directory="/usr/local/ITK3/Source/Code/Numerics/NeuralNetworks" />
            <Add directory="/usr/local/ITK3/Source/Code/Numerics/Statistics" />
            <Add directory="/usr/local/ITK3/Source/Code/Review" />
            <Add directory="/usr/local/ITK3/Source/Code/SpatialObject" />
            <Add directory="/usr/local/ITK3/Source/Utilities" />
            <Add directory="/usr/local/ITK3/Source/Utilities/DICOMParser" />
            <Add directory="/usr/local/ITK3/Source/Utilities/MetaIO" />
            <Add directory="/usr/local/ITK3/Source/Utilities/NrrdIO" />
            <Add directory="/usr/local/ITK3/Source/Utilities/expat" />
            <Add directory="/usr/local/ITK3/Source/Utilities/gdcm/src" />
            <Add directory="/usr/local/ITK3/Source/Utilities/itkExtHdrs" />
            <Add directory="/usr/local/ITK3/Source/Utilities/nifti/niftilib" />
            <Add directory="/usr/local/ITK3/Source/Utilities/nifti/znzlib" />
            <Add directory="/usr/local/ITK3/Source/Utilities/vxl/core" />
            <Add directory="/usr/local/ITK3/Source/Utilities/vxl/v3p/netlib" />
            <Add directory="/usr/local/ITK3/Source/Utilities/vxl/vcl" />
            <Add directory="/usr/local/include" />
         </Compiler>
         <MakeCommands>
            <Build command="/usr/bin/make -f &quot;/home/mariano/BrainToolsCARM/QtCreator/Makefile&quot;  VERBOSE=1 HistogramTool/fast" />
            <CompileFile command="/usr/bin/make -f &quot;/home/mariano/BrainToolsCARM/QtCreator/Makefile&quot;  VERBOSE=1 &quot;$file&quot;" />
            <Clean command="/usr/bin/make -f &quot;/home/mariano/BrainToolsCARM/QtCreator/Makefile&quot;  VERBOSE=1 clean" />
            <DistClean command="/usr/bin/make -f &quot;/home/mariano/BrainToolsCARM/QtCreator/Makefile&quot;  VERBOSE=1 clean" />
         </MakeCommands>
      </Target>
      <Target title="AnalyseTool">
         <Option output="/home/mariano/BrainToolsCARM/QtCreator/AnalyseTool" prefix_auto="0" extension_auto="0" />
         <Option working_dir="" />
         <Option object_output="./" />
         <Option type="0" />
         <Option compiler="gcc" />
         <Compiler>
            <Add directory="/home/mariano/BrainToolsCARM" />
            <Add directory="/home/mariano/BrainToolsCARM/QtCreator" />
            <Add directory="/usr/include" />
            <Add directory="/usr/include/c++/4.8" />
            <Add directory="/usr/include/c++/4.8/backward" />
            <Add directory="/usr/include/x86_64-linux-gnu" />
            <Add directory="/usr/include/x86_64-linux-gnu/c++/4.8" />
            <Add directory="/usr/lib/gcc/x86_64-linux-gnu/4.8/include" />
            <Add directory="/usr/lib/gcc/x86_64-linux-gnu/4.8/include-fixed" />
            <Add directory="/usr/local/ITK3/Build" />
            <Add directory="/usr/local/ITK3/Build/Utilities" />
            <Add directory="/usr/local/ITK3/Build/Utilities/DICOMParser" />
            <Add directory="/usr/local/ITK3/Build/Utilities/NrrdIO" />
            <Add directory="/usr/local/ITK3/Build/Utilities/expat" />
            <Add directory="/usr/local/ITK3/Build/Utilities/gdcm" />
            <Add directory="/usr/local/ITK3/Build/Utilities/vxl/core" />
            <Add directory="/usr/local/ITK3/Build/Utilities/vxl/v3p/netlib" />
            <Add directory="/usr/local/ITK3/Build/Utilities/vxl/vcl" />
            <Add directory="/usr/local/ITK3/Source/Code/Algorithms" />
            <Add directory="/usr/local/ITK3/Source/Code/BasicFilters" />
            <Add directory="/usr/local/ITK3/Source/Code/Common" />
            <Add directory="/usr/local/ITK3/Source/Code/IO" />
            <Add directory="/usr/local/ITK3/Source/Code/Numerics" />
            <Add directory="/usr/local/ITK3/Source/Code/Numerics/FEM" />
            <Add directory="/usr/local/ITK3/Source/Code/Numerics/NeuralNetworks" />
            <Add directory="/usr/local/ITK3/Source/Code/Numerics/Statistics" />
            <Add directory="/usr/local/ITK3/Source/Code/Review" />
            <Add directory="/usr/local/ITK3/Source/Code/SpatialObject" />
            <Add directory="/usr/local/ITK3/Source/Utilities" />
            <Add directory="/usr/local/ITK3/Source/Utilities/DICOMParser" />
            <Add directory="/usr/local/ITK3/Source/Utilities/MetaIO" />
            <Add directory="/usr/local/ITK3/Source/Utilities/NrrdIO" />
            <Add directory="/usr/local/ITK3/Source/Utilities/expat" />
            <Add directory="/usr/local/ITK3/Source/Utilities/gdcm/src" />
            <Add directory="/usr/local/ITK3/Source/Utilities/itkExtHdrs" />
            <Add directory="/usr/local/ITK3/Source/Utilities/nifti/niftilib" />
            <Add directory="/usr/local/ITK3/Source/Utilities/nifti/znzlib" />
            <Add directory="/usr/local/ITK3/Source/Utilities/vxl/core" />
            <Add directory="/usr/local/ITK3/Source/Utilities/vxl/v3p/netlib" />
            <Add directory="/usr/local/ITK3/Source/Utilities/vxl/vcl" />
            <Add directory="/usr/local/include" />
         </Compiler>
         <MakeCommands>
            <Build command="/usr/bin/make -f &quot;/home/mariano/BrainToolsCARM/QtCreator/Makefile&quot;  VERBOSE=1 AnalyseTool" />
            <CompileFile command="/usr/bin/make -f &quot;/home/mariano/BrainToolsCARM/QtCreator/Makefile&quot;  VERBOSE=1 &quot;$file&quot;" />
            <Clean command="/usr/bin/make -f &quot;/home/mariano/BrainToolsCARM/QtCreator/Makefile&quot;  VERBOSE=1 clean" />
            <DistClean command="/usr/bin/make -f &quot;/home/mariano/BrainToolsCARM/QtCreator/Makefile&quot;  VERBOSE=1 clean" />
         </MakeCommands>
      </Target>
      <Target title="AnalyseTool/fast">
         <Option output="/home/mariano/BrainToolsCARM/QtCreator/AnalyseTool" prefix_auto="0" extension_auto="0" />
         <Option working_dir="" />
         <Option object_output="./" />
         <Option type="0" />
         <Option compiler="gcc" />
         <Compiler>
            <Add directory="/home/mariano/BrainToolsCARM" />
            <Add directory="/home/mariano/BrainToolsCARM/QtCreator" />
            <Add directory="/usr/include" />
            <Add directory="/usr/include/c++/4.8" />
            <Add directory="/usr/include/c++/4.8/backward" />
            <Add directory="/usr/include/x86_64-linux-gnu" />
            <Add directory="/usr/include/x86_64-linux-gnu/c++/4.8" />
            <Add directory="/usr/lib/gcc/x86_64-linux-gnu/4.8/include" />
            <Add directory="/usr/lib/gcc/x86_64-linux-gnu/4.8/include-fixed" />
            <Add directory="/usr/local/ITK3/Build" />
            <Add directory="/usr/local/ITK3/Build/Utilities" />
            <Add directory="/usr/local/ITK3/Build/Utilities/DICOMParser" />
            <Add directory="/usr/local/ITK3/Build/Utilities/NrrdIO" />
            <Add directory="/usr/local/ITK3/Build/Utilities/expat" />
            <Add directory="/usr/local/ITK3/Build/Utilities/gdcm" />
            <Add directory="/usr/local/ITK3/Build/Utilities/vxl/core" />
            <Add directory="/usr/local/ITK3/Build/Utilities/vxl/v3p/netlib" />
            <Add directory="/usr/local/ITK3/Build/Utilities/vxl/vcl" />
            <Add directory="/usr/local/ITK3/Source/Code/Algorithms" />
            <Add directory="/usr/local/ITK3/Source/Code/BasicFilters" />
            <Add directory="/usr/local/ITK3/Source/Code/Common" />
            <Add directory="/usr/local/ITK3/Source/Code/IO" />
            <Add directory="/usr/local/ITK3/Source/Code/Numerics" />
            <Add directory="/usr/local/ITK3/Source/Code/Numerics/FEM" />
            <Add directory="/usr/local/ITK3/Source/Code/Numerics/NeuralNetworks" />
            <Add directory="/usr/local/ITK3/Source/Code/Numerics/Statistics" />
            <Add directory="/usr/local/ITK3/Source/Code/Review" />
            <Add directory="/usr/local/ITK3/Source/Code/SpatialObject" />
            <Add directory="/usr/local/ITK3/Source/Utilities" />
            <Add directory="/usr/local/ITK3/Source/Utilities/DICOMParser" />
            <Add directory="/usr/local/ITK3/Source/Utilities/MetaIO" />
            <Add directory="/usr/local/ITK3/Source/Utilities/NrrdIO" />
            <Add directory="/usr/local/ITK3/Source/Utilities/expat" />
            <Add directory="/usr/local/ITK3/Source/Utilities/gdcm/src" />
            <Add directory="/usr/local/ITK3/Source/Utilities/itkExtHdrs" />
            <Add directory="/usr/local/ITK3/Source/Utilities/nifti/niftilib" />
            <Add directory="/usr/local/ITK3/Source/Utilities/nifti/znzlib" />
            <Add directory="/usr/local/ITK3/Source/Utilities/vxl/core" />
            <Add directory="/usr/local/ITK3/Source/Utilities/vxl/v3p/netlib" />
            <Add directory="/usr/local/ITK3/Source/Utilities/vxl/vcl" />
            <Add directory="/usr/local/include" />
         </Compiler>
         <MakeCommands>
            <Build command="/usr/bin/make -f &quot;/home/mariano/BrainToolsCARM/QtCreator/Makefile&quot;  VERBOSE=1 AnalyseTool/fast" />
            <CompileFile command="/usr/bin/make -f &quot;/home/mariano/BrainToolsCARM/QtCreator/Makefile&quot;  VERBOSE=1 &quot;$file&quot;" />
            <Clean command="/usr/bin/make -f &quot;/home/mariano/BrainToolsCARM/QtCreator/Makefile&quot;  VERBOSE=1 clean" />
            <DistClean command="/usr/bin/make -f &quot;/home/mariano/BrainToolsCARM/QtCreator/Makefile&quot;  VERBOSE=1 clean" />
         </MakeCommands>
      </Target>
      <Target title="Test">
         <Option output="/home/mariano/BrainToolsCARM/QtCreator/Test" prefix_auto="0" extension_auto="0" />
         <Option working_dir="" />
         <Option object_output="./" />
         <Option type="1" />
         <Option compiler="gcc" />
         <Compiler>
            <Add directory="/home/mariano/BrainToolsCARM" />
            <Add directory="/home/mariano/BrainToolsCARM/QtCreator" />
            <Add directory="/usr/include" />
            <Add directory="/usr/include/c++/4.8" />
            <Add directory="/usr/include/c++/4.8/backward" />
            <Add directory="/usr/include/x86_64-linux-gnu" />
            <Add directory="/usr/include/x86_64-linux-gnu/c++/4.8" />
            <Add directory="/usr/lib/gcc/x86_64-linux-gnu/4.8/include" />
            <Add directory="/usr/lib/gcc/x86_64-linux-gnu/4.8/include-fixed" />
            <Add directory="/usr/local/ITK3/Build" />
            <Add directory="/usr/local/ITK3/Build/Utilities" />
            <Add directory="/usr/local/ITK3/Build/Utilities/DICOMParser" />
            <Add directory="/usr/local/ITK3/Build/Utilities/NrrdIO" />
            <Add directory="/usr/local/ITK3/Build/Utilities/expat" />
            <Add directory="/usr/local/ITK3/Build/Utilities/gdcm" />
            <Add directory="/usr/local/ITK3/Build/Utilities/vxl/core" />
            <Add directory="/usr/local/ITK3/Build/Utilities/vxl/v3p/netlib" />
            <Add directory="/usr/local/ITK3/Build/Utilities/vxl/vcl" />
            <Add directory="/usr/local/ITK3/Source/Code/Algorithms" />
            <Add directory="/usr/local/ITK3/Source/Code/BasicFilters" />
            <Add directory="/usr/local/ITK3/Source/Code/Common" />
            <Add directory="/usr/local/ITK3/Source/Code/IO" />
            <Add directory="/usr/local/ITK3/Source/Code/Numerics" />
            <Add directory="/usr/local/ITK3/Source/Code/Numerics/FEM" />
            <Add directory="/usr/local/ITK3/Source/Code/Numerics/NeuralNetworks" />
            <Add directory="/usr/local/ITK3/Source/Code/Numerics/Statistics" />
            <Add directory="/usr/local/ITK3/Source/Code/Review" />
            <Add directory="/usr/local/ITK3/Source/Code/SpatialObject" />
            <Add directory="/usr/local/ITK3/Source/Utilities" />
            <Add directory="/usr/local/ITK3/Source/Utilities/DICOMParser" />
            <Add directory="/usr/local/ITK3/Source/Utilities/MetaIO" />
            <Add directory="/usr/local/ITK3/Source/Utilities/NrrdIO" />
            <Add directory="/usr/local/ITK3/Source/Utilities/expat" />
            <Add directory="/usr/local/ITK3/Source/Utilities/gdcm/src" />
            <Add directory="/usr/local/ITK3/Source/Utilities/itkExtHdrs" />
            <Add directory="/usr/local/ITK3/Source/Utilities/nifti/niftilib" />
            <Add directory="/usr/local/ITK3/Source/Utilities/nifti/znzlib" />
            <Add directory="/usr/local/ITK3/Source/Utilities/vxl/core" />
            <Add directory="/usr/local/ITK3/Source/Utilities/vxl/v3p/netlib" />
            <Add directory="/usr/local/ITK3/Source/Utilities/vxl/vcl" />
            <Add directory="/usr/local/include" />
         </Compiler>
         <MakeCommands>
            <Build command="/usr/bin/make -f &quot;/home/mariano/BrainToolsCARM/QtCreator/Makefile&quot;  VERBOSE=1 Test" />
            <CompileFile command="/usr/bin/make -f &quot;/home/mariano/BrainToolsCARM/QtCreator/Makefile&quot;  VERBOSE=1 &quot;$file&quot;" />
            <Clean command="/usr/bin/make -f &quot;/home/mariano/BrainToolsCARM/QtCreator/Makefile&quot;  VERBOSE=1 clean" />
            <DistClean command="/usr/bin/make -f &quot;/home/mariano/BrainToolsCARM/QtCreator/Makefile&quot;  VERBOSE=1 clean" />
         </MakeCommands>
      </Target>
      <Target title="Test/fast">
         <Option output="/home/mariano/BrainToolsCARM/QtCreator/Test" prefix_auto="0" extension_auto="0" />
         <Option working_dir="" />
         <Option object_output="./" />
         <Option type="1" />
         <Option compiler="gcc" />
         <Compiler>
            <Add directory="/home/mariano/BrainToolsCARM" />
            <Add directory="/home/mariano/BrainToolsCARM/QtCreator" />
            <Add directory="/usr/include" />
            <Add directory="/usr/include/c++/4.8" />
            <Add directory="/usr/include/c++/4.8/backward" />
            <Add directory="/usr/include/x86_64-linux-gnu" />
            <Add directory="/usr/include/x86_64-linux-gnu/c++/4.8" />
            <Add directory="/usr/lib/gcc/x86_64-linux-gnu/4.8/include" />
            <Add directory="/usr/lib/gcc/x86_64-linux-gnu/4.8/include-fixed" />
            <Add directory="/usr/local/ITK3/Build" />
            <Add directory="/usr/local/ITK3/Build/Utilities" />
            <Add directory="/usr/local/ITK3/Build/Utilities/DICOMParser" />
            <Add directory="/usr/local/ITK3/Build/Utilities/NrrdIO" />
            <Add directory="/usr/local/ITK3/Build/Utilities/expat" />
            <Add directory="/usr/local/ITK3/Build/Utilities/gdcm" />
            <Add directory="/usr/local/ITK3/Build/Utilities/vxl/core" />
            <Add directory="/usr/local/ITK3/Build/Utilities/vxl/v3p/netlib" />
            <Add directory="/usr/local/ITK3/Build/Utilities/vxl/vcl" />
            <Add directory="/usr/local/ITK3/Source/Code/Algorithms" />
            <Add directory="/usr/local/ITK3/Source/Code/BasicFilters" />
            <Add directory="/usr/local/ITK3/Source/Code/Common" />
            <Add directory="/usr/local/ITK3/Source/Code/IO" />
            <Add directory="/usr/local/ITK3/Source/Code/Numerics" />
            <Add directory="/usr/local/ITK3/Source/Code/Numerics/FEM" />
            <Add directory="/usr/local/ITK3/Source/Code/Numerics/NeuralNetworks" />
            <Add directory="/usr/local/ITK3/Source/Code/Numerics/Statistics" />
            <Add directory="/usr/local/ITK3/Source/Code/Review" />
            <Add directory="/usr/local/ITK3/Source/Code/SpatialObject" />
            <Add directory="/usr/local/ITK3/Source/Utilities" />
            <Add directory="/usr/local/ITK3/Source/Utilities/DICOMParser" />
            <Add directory="/usr/local/ITK3/Source/Utilities/MetaIO" />
            <Add directory="/usr/local/ITK3/Source/Utilities/NrrdIO" />
            <Add directory="/usr/local/ITK3/Source/Utilities/expat" />
            <Add directory="/usr/local/ITK3/Source/Utilities/gdcm/src" />
            <Add directory="/usr/local/ITK3/Source/Utilities/itkExtHdrs" />
            <Add directory="/usr/local/ITK3/Source/Utilities/nifti/niftilib" />
            <Add directory="/usr/local/ITK3/Source/Utilities/nifti/znzlib" />
            <Add directory="/usr/local/ITK3/Source/Utilities/vxl/core" />
            <Add directory="/usr/local/ITK3/Source/Utilities/vxl/v3p/netlib" />
            <Add directory="/usr/local/ITK3/Source/Utilities/vxl/vcl" />
            <Add directory="/usr/local/include" />
         </Compiler>
         <MakeCommands>
            <Build command="/usr/bin/make -f &quot;/home/mariano/BrainToolsCARM/QtCreator/Makefile&quot;  VERBOSE=1 Test/fast" />
            <CompileFile command="/usr/bin/make -f &quot;/home/mariano/BrainToolsCARM/QtCreator/Makefile&quot;  VERBOSE=1 &quot;$file&quot;" />
            <Clean command="/usr/bin/make -f &quot;/home/mariano/BrainToolsCARM/QtCreator/Makefile&quot;  VERBOSE=1 clean" />
            <DistClean command="/usr/bin/make -f &quot;/home/mariano/BrainToolsCARM/QtCreator/Makefile&quot;  VERBOSE=1 clean" />
         </MakeCommands>
      </Target>
      </Build>
      <Unit filename="/home/mariano/BrainToolsCARM/analysemain.cpp">
         <Option target="AnalyseTool"/>
      </Unit>
      <Unit filename="/home/mariano/BrainToolsCARM/atlasmain.cpp">
         <Option target="AtlasTool"/>
      </Unit>
      <Unit filename="/home/mariano/BrainToolsCARM/brainio.cpp">
         <Option target="PreTool"/>
         <Option target="CoregTool"/>
         <Option target="AtlasTool"/>
         <Option target="SubtractionTool"/>
         <Option target="DeformableTool"/>
         <Option target="PostTool"/>
         <Option target="TissueTool"/>
         <Option target="HistogramTool"/>
         <Option target="AnalyseTool"/>
      </Unit>
      <Unit filename="/home/mariano/BrainToolsCARM/brainio.h">
         <Option target="PreTool"/>
         <Option target="CoregTool"/>
         <Option target="AtlasTool"/>
         <Option target="SubtractionTool"/>
         <Option target="DeformableTool"/>
         <Option target="PostTool"/>
         <Option target="TissueTool"/>
         <Option target="HistogramTool"/>
         <Option target="AnalyseTool"/>
      </Unit>
      <Unit filename="/home/mariano/BrainToolsCARM/brainpreprocessing.cpp">
         <Option target="PreTool"/>
         <Option target="DeformableTool"/>
         <Option target="HistogramTool"/>
      </Unit>
      <Unit filename="/home/mariano/BrainToolsCARM/brainpreprocessing.h">
         <Option target="PreTool"/>
         <Option target="DeformableTool"/>
         <Option target="HistogramTool"/>
      </Unit>
      <Unit filename="/home/mariano/BrainToolsCARM/brainregistration.cpp">
         <Option target="CoregTool"/>
         <Option target="AtlasTool"/>
         <Option target="SubtractionTool"/>
         <Option target="DeformableTool"/>
      </Unit>
      <Unit filename="/home/mariano/BrainToolsCARM/brainregistration.h">
         <Option target="CoregTool"/>
         <Option target="AtlasTool"/>
         <Option target="SubtractionTool"/>
         <Option target="DeformableTool"/>
      </Unit>
      <Unit filename="/home/mariano/BrainToolsCARM/brainsegmentation.cpp">
         <Option target="SubtractionTool"/>
         <Option target="DeformableTool"/>
         <Option target="PostTool"/>
         <Option target="TissueTool"/>
         <Option target="AnalyseTool"/>
      </Unit>
      <Unit filename="/home/mariano/BrainToolsCARM/brainsegmentation.h">
         <Option target="SubtractionTool"/>
         <Option target="DeformableTool"/>
         <Option target="PostTool"/>
         <Option target="TissueTool"/>
         <Option target="AnalyseTool"/>
      </Unit>
      <Unit filename="/home/mariano/BrainToolsCARM/coregmain.cpp">
         <Option target="CoregTool"/>
      </Unit>
      <Unit filename="/home/mariano/BrainToolsCARM/defomain.cpp">
         <Option target="DeformableTool"/>
      </Unit>
      <Unit filename="/home/mariano/BrainToolsCARM/gaussianestimator.h">
         <Option target="SubtractionTool"/>
         <Option target="DeformableTool"/>
         <Option target="PostTool"/>
         <Option target="TissueTool"/>
         <Option target="AnalyseTool"/>
      </Unit>
      <Unit filename="/home/mariano/BrainToolsCARM/gaussianestimator1d.cpp">
         <Option target="SubtractionTool"/>
         <Option target="DeformableTool"/>
         <Option target="PostTool"/>
         <Option target="TissueTool"/>
         <Option target="AnalyseTool"/>
      </Unit>
      <Unit filename="/home/mariano/BrainToolsCARM/gaussianestimator1d.h">
         <Option target="SubtractionTool"/>
         <Option target="DeformableTool"/>
         <Option target="PostTool"/>
         <Option target="TissueTool"/>
         <Option target="AnalyseTool"/>
      </Unit>
      <Unit filename="/home/mariano/BrainToolsCARM/gaussianestimator2d.cpp">
         <Option target="SubtractionTool"/>
         <Option target="DeformableTool"/>
         <Option target="PostTool"/>
         <Option target="TissueTool"/>
         <Option target="AnalyseTool"/>
      </Unit>
      <Unit filename="/home/mariano/BrainToolsCARM/gaussianestimator2d.h">
         <Option target="SubtractionTool"/>
         <Option target="DeformableTool"/>
         <Option target="PostTool"/>
         <Option target="TissueTool"/>
         <Option target="AnalyseTool"/>
      </Unit>
      <Unit filename="/home/mariano/BrainToolsCARM/gaussianestimator3d.cpp">
         <Option target="SubtractionTool"/>
         <Option target="DeformableTool"/>
         <Option target="PostTool"/>
         <Option target="TissueTool"/>
         <Option target="AnalyseTool"/>
      </Unit>
      <Unit filename="/home/mariano/BrainToolsCARM/gaussianestimator3d.h">
         <Option target="SubtractionTool"/>
         <Option target="DeformableTool"/>
         <Option target="PostTool"/>
         <Option target="TissueTool"/>
         <Option target="AnalyseTool"/>
      </Unit>
      <Unit filename="/home/mariano/BrainToolsCARM/gaussianestimatornd.cpp">
         <Option target="SubtractionTool"/>
         <Option target="DeformableTool"/>
         <Option target="PostTool"/>
         <Option target="TissueTool"/>
         <Option target="AnalyseTool"/>
      </Unit>
      <Unit filename="/home/mariano/BrainToolsCARM/gaussianestimatornd.h">
         <Option target="SubtractionTool"/>
         <Option target="DeformableTool"/>
         <Option target="PostTool"/>
         <Option target="TissueTool"/>
         <Option target="AnalyseTool"/>
      </Unit>
      <Unit filename="/home/mariano/BrainToolsCARM/histogrammain.cpp">
         <Option target="HistogramTool"/>
      </Unit>
      <Unit filename="/home/mariano/BrainToolsCARM/imagedefinitions.h">
         <Option target="PreTool"/>
         <Option target="CoregTool"/>
         <Option target="AtlasTool"/>
         <Option target="SubtractionTool"/>
         <Option target="DeformableTool"/>
         <Option target="PostTool"/>
         <Option target="TissueTool"/>
         <Option target="HistogramTool"/>
         <Option target="AnalyseTool"/>
      </Unit>
      <Unit filename="/home/mariano/BrainToolsCARM/itkBSplineControlPointImageFilter.h">
         <Option target="PreTool"/>
         <Option target="DeformableTool"/>
         <Option target="HistogramTool"/>
      </Unit>
      <Unit filename="/home/mariano/BrainToolsCARM/itkBSplineControlPointImageFilter.txx">
         <Option target="PreTool"/>
         <Option target="DeformableTool"/>
         <Option target="HistogramTool"/>
      </Unit>
      <Unit filename="/home/mariano/BrainToolsCARM/itkN4MRIBiasFieldCorrectionImageFilter.h">
         <Option target="PreTool"/>
         <Option target="DeformableTool"/>
         <Option target="HistogramTool"/>
      </Unit>
      <Unit filename="/home/mariano/BrainToolsCARM/itkN4MRIBiasFieldCorrectionImageFilter.txx">
         <Option target="PreTool"/>
         <Option target="DeformableTool"/>
         <Option target="HistogramTool"/>
      </Unit>
      <Unit filename="/home/mariano/BrainToolsCARM/postmain.cpp">
         <Option target="PostTool"/>
      </Unit>
      <Unit filename="/home/mariano/BrainToolsCARM/premain.cpp">
         <Option target="PreTool"/>
      </Unit>
      <Unit filename="/home/mariano/BrainToolsCARM/registrationlevelupdate.h">
         <Option target="CoregTool"/>
         <Option target="AtlasTool"/>
         <Option target="SubtractionTool"/>
         <Option target="DeformableTool"/>
      </Unit>
      <Unit filename="/home/mariano/BrainToolsCARM/submain.cpp">
         <Option target="SubtractionTool"/>
      </Unit>
      <Unit filename="/home/mariano/BrainToolsCARM/testmain.cpp">
         <Option target="Test"/>
      </Unit>
      <Unit filename="/home/mariano/BrainToolsCARM/tissuemain.cpp">
         <Option target="TissueTool"/>
      </Unit>
      <Unit filename="/home/mariano/BrainToolsCARM/CMakeLists.txt">
          <Option virtualFolder="CMake Files\" />
      </Unit>
      <Unit filename="/home/mariano/BrainToolsCARM/../../../usr/local/ITK3/Build/ITKConfig.cmake">
          <Option virtualFolder="CMake Files\..\..\..\usr\local\ITK3\Build\" />
      </Unit>
      <Unit filename="/home/mariano/BrainToolsCARM/../../../usr/local/ITK3/Build/ITKLibraryDepends.cmake">
          <Option virtualFolder="CMake Files\..\..\..\usr\local\ITK3\Build\" />
      </Unit>
      <Unit filename="/home/mariano/BrainToolsCARM/../../../usr/local/ITK3/Build/UseITK.cmake">
          <Option virtualFolder="CMake Files\..\..\..\usr\local\ITK3\Build\" />
      </Unit>
   </Project>
</CodeBlocks_project_file>
